// !$*UTF8*$!
{
	archiveVersion = 1;
	classes = {
	};
	objectVersion = 56;
	objects = {

/* Begin PBXBuildFile section */
		ABBEA0EA2D57DAF3003C99AF /* CarouselSectionView.swift in Sources */ = {isa = PBXBuildFile; fileRef = ABBEA0E92D57DAF3003C99AF /* CarouselSectionView.swift */; };
		ABBEA0F12D590270003C99AF /* PopularAvatarSectionViewBuilder.swift in Sources */ = {isa = PBXBuildFile; fileRef = ABBEA0F02D590270003C99AF /* PopularAvatarSectionViewBuilder.swift */; };
		ABBEA0F32D59111D003C99AF /* AvatarCategoriesSectionViewBuilder.swift in Sources */ = {isa = PBXBuildFile; fileRef = ABBEA0F22D59111D003C99AF /* AvatarCategoriesSectionViewBuilder.swift */; };
		ABBEA0F62D593DAA003C99AF /* FeatureAvatarsSectionViewBuilder.swift in Sources */ = {isa = PBXBuildFile; fileRef = ABBEA0F52D593DAA003C99AF /* FeatureAvatarsSectionViewBuilder.swift */; };
		ABBEA0F82D593EC8003C99AF /* NoResultsView.swift in Sources */ = {isa = PBXBuildFile; fileRef = ABBEA0F72D593EC8003C99AF /* NoResultsView.swift */; };
		ABBEA0FA2D598E97003C99AF /* ScreenLoadingStyle.swift in Sources */ = {isa = PBXBuildFile; fileRef = ABBEA0F92D598E97003C99AF /* ScreenLoadingStyle.swift */; };
		ABBEA0FC2D5A49F3003C99AF /* MyAvatarsSectionViewBuilder.swift in Sources */ = {isa = PBXBuildFile; fileRef = ABBEA0FB2D5A49F3003C99AF /* MyAvatarsSectionViewBuilder.swift */; };
		ABBEA0FE2D5A52F9003C99AF /* MyAvatarCellBuilder.swift in Sources */ = {isa = PBXBuildFile; fileRef = ABBEA0FD2D5A52F9003C99AF /* MyAvatarCellBuilder.swift */; };
		ABBEA1002D5A8BB3003C99AF /* PreviewState.swift in Sources */ = {isa = PBXBuildFile; fileRef = ABBEA0FF2D5A8BB3003C99AF /* PreviewState.swift */; };
		ABCD0B322D557E66001F0EF7 /* MockAvatarService.swift in Sources */ = {isa = PBXBuildFile; fileRef = ABCD0B312D557E66001F0EF7 /* MockAvatarService.swift */; };
		ABCD0B342D557E78001F0EF7 /* FirestoreAvatarService.swift in Sources */ = {isa = PBXBuildFile; fileRef = ABCD0B332D557E78001F0EF7 /* FirestoreAvatarService.swift */; };
		ABCD0B362D557E87001F0EF7 /* AvatarManager.swift in Sources */ = {isa = PBXBuildFile; fileRef = ABCD0B352D557E87001F0EF7 /* AvatarManager.swift */; };
		ABCD0B3E2D56749C001F0EF7 /* QuerySnapshot+Extension.swift in Sources */ = {isa = PBXBuildFile; fileRef = ABCD0B3D2D56749C001F0EF7 /* QuerySnapshot+Extension.swift */; };
		ABDD30E82D491BD700A5AB28 /* AIChatApp.swift in Sources */ = {isa = PBXBuildFile; fileRef = ABDD30E72D491BD700A5AB28 /* AIChatApp.swift */; };
		ABDD30EC2D491BD900A5AB28 /* Assets.xcassets in Resources */ = {isa = PBXBuildFile; fileRef = ABDD30EB2D491BD900A5AB28 /* Assets.xcassets */; };
		ABDD30F02D491BD900A5AB28 /* Preview Assets.xcassets in Resources */ = {isa = PBXBuildFile; fileRef = ABDD30EF2D491BD900A5AB28 /* Preview Assets.xcassets */; };
		ABDD30F72D49235C00A5AB28 /* NOTES.swift in Sources */ = {isa = PBXBuildFile; fileRef = ABDD30F62D49235C00A5AB28 /* NOTES.swift */; };
		ABDD30FD2D492A3B00A5AB28 /* AppView.swift in Sources */ = {isa = PBXBuildFile; fileRef = ABDD30FC2D492A3B00A5AB28 /* AppView.swift */; };
		ABDD30FF2D49315C00A5AB28 /* AppViewBuilder.swift in Sources */ = {isa = PBXBuildFile; fileRef = ABDD30FE2D49315C00A5AB28 /* AppViewBuilder.swift */; };
		ABDD31032D4935D300A5AB28 /* ChatsView.swift in Sources */ = {isa = PBXBuildFile; fileRef = ABDD31022D4935D300A5AB28 /* ChatsView.swift */; };
		ABDD31062D49363500A5AB28 /* ProfileView.swift in Sources */ = {isa = PBXBuildFile; fileRef = ABDD31052D49363500A5AB28 /* ProfileView.swift */; };
		ABDD310A2D49366D00A5AB28 /* TabBarView.swift in Sources */ = {isa = PBXBuildFile; fileRef = ABDD31092D49366D00A5AB28 /* TabBarView.swift */; };
		ABDD310D2D4937FA00A5AB28 /* ExploreView.swift in Sources */ = {isa = PBXBuildFile; fileRef = ABDD310C2D4937FA00A5AB28 /* ExploreView.swift */; };
		ABDD31102D493BC800A5AB28 /* WelcomeView.swift in Sources */ = {isa = PBXBuildFile; fileRef = ABDD310F2D493BC800A5AB28 /* WelcomeView.swift */; };
		ABDD31122D4940DB00A5AB28 /* AppState.swift in Sources */ = {isa = PBXBuildFile; fileRef = ABDD31112D4940DB00A5AB28 /* AppState.swift */; };
		ABDD31172D49455400A5AB28 /* OnboardingCompletedView.swift in Sources */ = {isa = PBXBuildFile; fileRef = ABDD31162D49455400A5AB28 /* OnboardingCompletedView.swift */; };
		ABDD311B2D4945CE00A5AB28 /* MainButtonStyle.swift in Sources */ = {isa = PBXBuildFile; fileRef = ABDD311A2D4945CE00A5AB28 /* MainButtonStyle.swift */; };
		ABDD311E2D494B8C00A5AB28 /* SettingsView.swift in Sources */ = {isa = PBXBuildFile; fileRef = ABDD311D2D494B8C00A5AB28 /* SettingsView.swift */; };
		ABDD31222D49525600A5AB28 /* SDWebImageSwiftUI in Frameworks */ = {isa = PBXBuildFile; productRef = ABDD31212D49525600A5AB28 /* SDWebImageSwiftUI */; };
		ABDD31242D49526800A5AB28 /* ImageLoaderView.swift in Sources */ = {isa = PBXBuildFile; fileRef = ABDD31232D49526800A5AB28 /* ImageLoaderView.swift */; };
		ABDD31272D4954F500A5AB28 /* Constants.swift in Sources */ = {isa = PBXBuildFile; fileRef = ABDD31262D4954F500A5AB28 /* Constants.swift */; };
		ABDD312A2D497F9500A5AB28 /* OnboardingIntroView.swift in Sources */ = {isa = PBXBuildFile; fileRef = ABDD31292D497F9500A5AB28 /* OnboardingIntroView.swift */; };
		ABDD312D2D4983C600A5AB28 /* OnboardingColorView.swift in Sources */ = {isa = PBXBuildFile; fileRef = ABDD312C2D4983C600A5AB28 /* OnboardingColorView.swift */; };
		ABDD31302D4A79A000A5AB28 /* FeatureCell.swift in Sources */ = {isa = PBXBuildFile; fileRef = ABDD312F2D4A79A000A5AB28 /* FeatureCell.swift */; };
		ABDD31372D4A818800A5AB28 /* CharacterOption.swift in Sources */ = {isa = PBXBuildFile; fileRef = ABDD31362D4A818800A5AB28 /* CharacterOption.swift */; };
		ABDD31392D4A821700A5AB28 /* CharacterAction.swift in Sources */ = {isa = PBXBuildFile; fileRef = ABDD31382D4A821700A5AB28 /* CharacterAction.swift */; };
		ABDD313B2D4A824F00A5AB28 /* CharacterLocation.swift in Sources */ = {isa = PBXBuildFile; fileRef = ABDD313A2D4A824F00A5AB28 /* CharacterLocation.swift */; };
		ABDD313D2D4A828900A5AB28 /* AvatarModel.swift in Sources */ = {isa = PBXBuildFile; fileRef = ABDD313C2D4A828900A5AB28 /* AvatarModel.swift */; };
		ABDD31402D4A8CC700A5AB28 /* CarouselView.swift in Sources */ = {isa = PBXBuildFile; fileRef = ABDD313F2D4A8CC700A5AB28 /* CarouselView.swift */; };
		ABDD31422D4A9E4900A5AB28 /* ListTitleView.swift in Sources */ = {isa = PBXBuildFile; fileRef = ABDD31412D4A9E4900A5AB28 /* ListTitleView.swift */; };
		ABDD31442D4AA16500A5AB28 /* CategoryCell.swift in Sources */ = {isa = PBXBuildFile; fileRef = ABDD31432D4AA16500A5AB28 /* CategoryCell.swift */; };
		ABDD31462D4AA4A900A5AB28 /* ImageTextGradientStyle.swift in Sources */ = {isa = PBXBuildFile; fileRef = ABDD31452D4AA4A900A5AB28 /* ImageTextGradientStyle.swift */; };
		ABDD31492D4AC09400A5AB28 /* PopularCell.swift in Sources */ = {isa = PBXBuildFile; fileRef = ABDD31482D4AC09400A5AB28 /* PopularCell.swift */; };
		ABDD314F2D4ACD3C00A5AB28 /* ButtonScaleEffectStyle.swift in Sources */ = {isa = PBXBuildFile; fileRef = ABDD314E2D4ACD3C00A5AB28 /* ButtonScaleEffectStyle.swift */; };
		ABDD31532D4BCCD800A5AB28 /* ChatModel.swift in Sources */ = {isa = PBXBuildFile; fileRef = ABDD31522D4BCCD800A5AB28 /* ChatModel.swift */; };
		ABDD31552D4BD09500A5AB28 /* ChatMessageModel.swift in Sources */ = {isa = PBXBuildFile; fileRef = ABDD31542D4BD09500A5AB28 /* ChatMessageModel.swift */; };
		ABDD31572D4BD6D700A5AB28 /* ChatCell.swift in Sources */ = {isa = PBXBuildFile; fileRef = ABDD31562D4BD6D700A5AB28 /* ChatCell.swift */; };
		ABDD315A2D4BE35100A5AB28 /* ChatCellViewBuilder.swift in Sources */ = {isa = PBXBuildFile; fileRef = ABDD31592D4BE35100A5AB28 /* ChatCellViewBuilder.swift */; };
		ABDD315E2D4BF1E500A5AB28 /* UserModel.swift in Sources */ = {isa = PBXBuildFile; fileRef = ABDD315D2D4BF1E500A5AB28 /* UserModel.swift */; };
		ABDD31612D4C27DE00A5AB28 /* Color+Extension.swift in Sources */ = {isa = PBXBuildFile; fileRef = ABDD31602D4C27DE00A5AB28 /* Color+Extension.swift */; };
		ABDD31632D4C2D1C00A5AB28 /* ListStyle.swift in Sources */ = {isa = PBXBuildFile; fileRef = ABDD31622D4C2D1C00A5AB28 /* ListStyle.swift */; };
		ABDD31662D4D1B2D00A5AB28 /* CreateAvatarView.swift in Sources */ = {isa = PBXBuildFile; fileRef = ABDD31652D4D1B2D00A5AB28 /* CreateAvatarView.swift */; };
		ABDD316B2D4D427C00A5AB28 /* ChatMessageCell.swift in Sources */ = {isa = PBXBuildFile; fileRef = ABDD316A2D4D427C00A5AB28 /* ChatMessageCell.swift */; };
		ABDD316D2D4D52F900A5AB28 /* ChatMessageListView.swift in Sources */ = {isa = PBXBuildFile; fileRef = ABDD316C2D4D52F900A5AB28 /* ChatMessageListView.swift */; };
		ABDD31712D4D659700A5AB28 /* ViewSizeModifier.swift in Sources */ = {isa = PBXBuildFile; fileRef = ABDD31702D4D659700A5AB28 /* ViewSizeModifier.swift */; };
		ABDD31742D4D845C00A5AB28 /* AnyAlertError.swift in Sources */ = {isa = PBXBuildFile; fileRef = ABDD31732D4D845C00A5AB28 /* AnyAlertError.swift */; };
		ABDD31762D4D941800A5AB28 /* ErrorAlertModifier.swift in Sources */ = {isa = PBXBuildFile; fileRef = ABDD31752D4D941800A5AB28 /* ErrorAlertModifier.swift */; };
		ABDD31782D4D9D9E00A5AB28 /* Binding+Extension.swift in Sources */ = {isa = PBXBuildFile; fileRef = ABDD31772D4D9D9E00A5AB28 /* Binding+Extension.swift */; };
		ABDD317B2D4E676500A5AB28 /* AvatarProfileModal.swift in Sources */ = {isa = PBXBuildFile; fileRef = ABDD317A2D4E676500A5AB28 /* AvatarProfileModal.swift */; };
		ABDD317D2D4E68A700A5AB28 /* ShowModalModifier.swift in Sources */ = {isa = PBXBuildFile; fileRef = ABDD317C2D4E68A700A5AB28 /* ShowModalModifier.swift */; };
		ABDD31812D4E84EB00A5AB28 /* CategoryListView.swift in Sources */ = {isa = PBXBuildFile; fileRef = ABDD31802D4E84EB00A5AB28 /* CategoryListView.swift */; };
		ABF6B2882D509AE100B9D27A /* FirebaseAuth in Frameworks */ = {isa = PBXBuildFile; productRef = ABF6B2872D509AE100B9D27A /* FirebaseAuth */; };
		ABF6B28B2D509D6500B9D27A /* FirebaseAuthService.swift in Sources */ = {isa = PBXBuildFile; fileRef = ABF6B28A2D509D6500B9D27A /* FirebaseAuthService.swift */; };
		ABF6B2912D53B5A600B9D27A /* MockAuthService.swift in Sources */ = {isa = PBXBuildFile; fileRef = ABF6B2902D53B5A600B9D27A /* MockAuthService.swift */; };
		ABF6B2942D53BE6900B9D27A /* UserAuthInfo.swift in Sources */ = {isa = PBXBuildFile; fileRef = ABF6B2932D53BE6900B9D27A /* UserAuthInfo.swift */; };
		ABF6B2962D53BF7E00B9D27A /* AuthService.swift in Sources */ = {isa = PBXBuildFile; fileRef = ABF6B2952D53BF7E00B9D27A /* AuthService.swift */; };
		ABF6B2982D53C80500B9D27A /* AuthManager.swift in Sources */ = {isa = PBXBuildFile; fileRef = ABF6B2972D53C80500B9D27A /* AuthManager.swift */; };
		ABF6B29B2D53D33200B9D27A /* UserAuthInfo+Firebase.swift in Sources */ = {isa = PBXBuildFile; fileRef = ABF6B29A2D53D33200B9D27A /* UserAuthInfo+Firebase.swift */; };
		ABF6B29E2D53F7C200B9D27A /* FirebaseFirestore in Frameworks */ = {isa = PBXBuildFile; productRef = ABF6B29D2D53F7C200B9D27A /* FirebaseFirestore */; };
		ABF6B2A02D53F95100B9D27A /* UserManager.swift in Sources */ = {isa = PBXBuildFile; fileRef = ABF6B29F2D53F95100B9D27A /* UserManager.swift */; };
		ABF6B2A22D53FC1600B9D27A /* GoogleService-Info.plist in Resources */ = {isa = PBXBuildFile; fileRef = ABF6B2A12D53FC1600B9D27A /* GoogleService-Info.plist */; };
		ABF6B2A82D544A7B00B9D27A /* DocumentReference+Extension.swift in Sources */ = {isa = PBXBuildFile; fileRef = ABF6B2A72D544A7B00B9D27A /* DocumentReference+Extension.swift */; };
		ABF6B2AB2D54689300B9D27A /* UserService.swift in Sources */ = {isa = PBXBuildFile; fileRef = ABF6B2AA2D54689300B9D27A /* UserService.swift */; };
		ABF6B2AD2D5468A100B9D27A /* MockUserService.swift in Sources */ = {isa = PBXBuildFile; fileRef = ABF6B2AC2D5468A100B9D27A /* MockUserService.swift */; };
		ABF6B2AF2D5468D300B9D27A /* FirestoreUserService.swift in Sources */ = {isa = PBXBuildFile; fileRef = ABF6B2AE2D5468D300B9D27A /* FirestoreUserService.swift */; };
		ABF6B2B22D54FC3A00B9D27A /* AIImageGeneratorService.swift in Sources */ = {isa = PBXBuildFile; fileRef = ABF6B2B12D54FC3A00B9D27A /* AIImageGeneratorService.swift */; };
		ABF6B2B42D54FE1E00B9D27A /* MockAIImageGeneratorService.swift in Sources */ = {isa = PBXBuildFile; fileRef = ABF6B2B32D54FE1E00B9D27A /* MockAIImageGeneratorService.swift */; };
		ABF6B2B62D54FE4400B9D27A /* GetImgAIService.swift in Sources */ = {isa = PBXBuildFile; fileRef = ABF6B2B52D54FE4400B9D27A /* GetImgAIService.swift */; };
		ABF6B2B82D5514F100B9D27A /* AIImageGeneratorManager.swift in Sources */ = {isa = PBXBuildFile; fileRef = ABF6B2B72D5514F100B9D27A /* AIImageGeneratorManager.swift */; };
		ABF6B2BC2D551E6600B9D27A /* AvatarService.swift in Sources */ = {isa = PBXBuildFile; fileRef = ABF6B2BB2D551E6600B9D27A /* AvatarService.swift */; };
		ABF6B2BE2D55211200B9D27A /* FirestoreCollections.swift in Sources */ = {isa = PBXBuildFile; fileRef = ABF6B2BD2D55211200B9D27A /* FirestoreCollections.swift */; };
		ABF6B2C52D554C3100B9D27A /* FirebaseStorageService.swift in Sources */ = {isa = PBXBuildFile; fileRef = ABF6B2C42D554C3100B9D27A /* FirebaseStorageService.swift */; };
		ABF6B2C72D554E4700B9D27A /* FirebaseStorage in Frameworks */ = {isa = PBXBuildFile; productRef = ABF6B2C62D554E4700B9D27A /* FirebaseStorage */; };
		ABF6B2C92D555A7200B9D27A /* UIImage+Extension.swift in Sources */ = {isa = PBXBuildFile; fileRef = ABF6B2C82D555A7200B9D27A /* UIImage+Extension.swift */; };
/* End PBXBuildFile section */

/* Begin PBXFileReference section */
		ABBEA0E92D57DAF3003C99AF /* CarouselSectionView.swift */ = {isa = PBXFileReference; lastKnownFileType = sourcecode.swift; path = CarouselSectionView.swift; sourceTree = "<group>"; };
		ABBEA0F02D590270003C99AF /* PopularAvatarSectionViewBuilder.swift */ = {isa = PBXFileReference; lastKnownFileType = sourcecode.swift; path = PopularAvatarSectionViewBuilder.swift; sourceTree = "<group>"; };
		ABBEA0F22D59111D003C99AF /* AvatarCategoriesSectionViewBuilder.swift */ = {isa = PBXFileReference; lastKnownFileType = sourcecode.swift; path = AvatarCategoriesSectionViewBuilder.swift; sourceTree = "<group>"; };
		ABBEA0F52D593DAA003C99AF /* FeatureAvatarsSectionViewBuilder.swift */ = {isa = PBXFileReference; lastKnownFileType = sourcecode.swift; path = FeatureAvatarsSectionViewBuilder.swift; sourceTree = "<group>"; };
		ABBEA0F72D593EC8003C99AF /* NoResultsView.swift */ = {isa = PBXFileReference; lastKnownFileType = sourcecode.swift; path = NoResultsView.swift; sourceTree = "<group>"; };
		ABBEA0F92D598E97003C99AF /* ScreenLoadingStyle.swift */ = {isa = PBXFileReference; lastKnownFileType = sourcecode.swift; path = ScreenLoadingStyle.swift; sourceTree = "<group>"; };
		ABBEA0FB2D5A49F3003C99AF /* MyAvatarsSectionViewBuilder.swift */ = {isa = PBXFileReference; lastKnownFileType = sourcecode.swift; path = MyAvatarsSectionViewBuilder.swift; sourceTree = "<group>"; };
		ABBEA0FD2D5A52F9003C99AF /* MyAvatarCellBuilder.swift */ = {isa = PBXFileReference; lastKnownFileType = sourcecode.swift; path = MyAvatarCellBuilder.swift; sourceTree = "<group>"; };
		ABBEA0FF2D5A8BB3003C99AF /* PreviewState.swift */ = {isa = PBXFileReference; lastKnownFileType = sourcecode.swift; path = PreviewState.swift; sourceTree = "<group>"; };
		ABCD0B312D557E66001F0EF7 /* MockAvatarService.swift */ = {isa = PBXFileReference; lastKnownFileType = sourcecode.swift; path = MockAvatarService.swift; sourceTree = "<group>"; };
		ABCD0B332D557E78001F0EF7 /* FirestoreAvatarService.swift */ = {isa = PBXFileReference; lastKnownFileType = sourcecode.swift; path = FirestoreAvatarService.swift; sourceTree = "<group>"; };
		ABCD0B352D557E87001F0EF7 /* AvatarManager.swift */ = {isa = PBXFileReference; lastKnownFileType = sourcecode.swift; path = AvatarManager.swift; sourceTree = "<group>"; };
		ABCD0B3D2D56749C001F0EF7 /* QuerySnapshot+Extension.swift */ = {isa = PBXFileReference; lastKnownFileType = sourcecode.swift; path = "QuerySnapshot+Extension.swift"; sourceTree = "<group>"; };
		ABDD30E42D491BD700A5AB28 /* AIChat.app */ = {isa = PBXFileReference; explicitFileType = wrapper.application; includeInIndex = 0; path = AIChat.app; sourceTree = BUILT_PRODUCTS_DIR; };
		ABDD30E72D491BD700A5AB28 /* AIChatApp.swift */ = {isa = PBXFileReference; lastKnownFileType = sourcecode.swift; path = AIChatApp.swift; sourceTree = "<group>"; };
		ABDD30EB2D491BD900A5AB28 /* Assets.xcassets */ = {isa = PBXFileReference; lastKnownFileType = folder.assetcatalog; path = Assets.xcassets; sourceTree = "<group>"; };
		ABDD30ED2D491BD900A5AB28 /* AIChat.entitlements */ = {isa = PBXFileReference; lastKnownFileType = text.plist.entitlements; path = AIChat.entitlements; sourceTree = "<group>"; };
		ABDD30EF2D491BD900A5AB28 /* Preview Assets.xcassets */ = {isa = PBXFileReference; lastKnownFileType = folder.assetcatalog; path = "Preview Assets.xcassets"; sourceTree = "<group>"; };
		ABDD30F62D49235C00A5AB28 /* NOTES.swift */ = {isa = PBXFileReference; lastKnownFileType = sourcecode.swift; path = NOTES.swift; sourceTree = "<group>"; };
		ABDD30FC2D492A3B00A5AB28 /* AppView.swift */ = {isa = PBXFileReference; lastKnownFileType = sourcecode.swift; path = AppView.swift; sourceTree = "<group>"; };
		ABDD30FE2D49315C00A5AB28 /* AppViewBuilder.swift */ = {isa = PBXFileReference; lastKnownFileType = sourcecode.swift; path = AppViewBuilder.swift; sourceTree = "<group>"; };
		ABDD31022D4935D300A5AB28 /* ChatsView.swift */ = {isa = PBXFileReference; lastKnownFileType = sourcecode.swift; path = ChatsView.swift; sourceTree = "<group>"; };
		ABDD31052D49363500A5AB28 /* ProfileView.swift */ = {isa = PBXFileReference; lastKnownFileType = sourcecode.swift; path = ProfileView.swift; sourceTree = "<group>"; };
		ABDD31092D49366D00A5AB28 /* TabBarView.swift */ = {isa = PBXFileReference; lastKnownFileType = sourcecode.swift; path = TabBarView.swift; sourceTree = "<group>"; };
		ABDD310C2D4937FA00A5AB28 /* ExploreView.swift */ = {isa = PBXFileReference; lastKnownFileType = sourcecode.swift; path = ExploreView.swift; sourceTree = "<group>"; };
		ABDD310F2D493BC800A5AB28 /* WelcomeView.swift */ = {isa = PBXFileReference; lastKnownFileType = sourcecode.swift; path = WelcomeView.swift; sourceTree = "<group>"; };
		ABDD31112D4940DB00A5AB28 /* AppState.swift */ = {isa = PBXFileReference; lastKnownFileType = sourcecode.swift; path = AppState.swift; sourceTree = "<group>"; };
		ABDD31162D49455400A5AB28 /* OnboardingCompletedView.swift */ = {isa = PBXFileReference; lastKnownFileType = sourcecode.swift; path = OnboardingCompletedView.swift; sourceTree = "<group>"; };
		ABDD311A2D4945CE00A5AB28 /* MainButtonStyle.swift */ = {isa = PBXFileReference; lastKnownFileType = sourcecode.swift; path = MainButtonStyle.swift; sourceTree = "<group>"; };
		ABDD311D2D494B8C00A5AB28 /* SettingsView.swift */ = {isa = PBXFileReference; lastKnownFileType = sourcecode.swift; path = SettingsView.swift; sourceTree = "<group>"; };
		ABDD31232D49526800A5AB28 /* ImageLoaderView.swift */ = {isa = PBXFileReference; lastKnownFileType = sourcecode.swift; path = ImageLoaderView.swift; sourceTree = "<group>"; };
		ABDD31262D4954F500A5AB28 /* Constants.swift */ = {isa = PBXFileReference; lastKnownFileType = sourcecode.swift; path = Constants.swift; sourceTree = "<group>"; };
		ABDD31292D497F9500A5AB28 /* OnboardingIntroView.swift */ = {isa = PBXFileReference; lastKnownFileType = sourcecode.swift; path = OnboardingIntroView.swift; sourceTree = "<group>"; };
		ABDD312C2D4983C600A5AB28 /* OnboardingColorView.swift */ = {isa = PBXFileReference; lastKnownFileType = sourcecode.swift; path = OnboardingColorView.swift; sourceTree = "<group>"; };
		ABDD312F2D4A79A000A5AB28 /* FeatureCell.swift */ = {isa = PBXFileReference; lastKnownFileType = sourcecode.swift; path = FeatureCell.swift; sourceTree = "<group>"; };
		ABDD31362D4A818800A5AB28 /* CharacterOption.swift */ = {isa = PBXFileReference; lastKnownFileType = sourcecode.swift; path = CharacterOption.swift; sourceTree = "<group>"; };
		ABDD31382D4A821700A5AB28 /* CharacterAction.swift */ = {isa = PBXFileReference; lastKnownFileType = sourcecode.swift; path = CharacterAction.swift; sourceTree = "<group>"; };
		ABDD313A2D4A824F00A5AB28 /* CharacterLocation.swift */ = {isa = PBXFileReference; lastKnownFileType = sourcecode.swift; path = CharacterLocation.swift; sourceTree = "<group>"; };
		ABDD313C2D4A828900A5AB28 /* AvatarModel.swift */ = {isa = PBXFileReference; lastKnownFileType = sourcecode.swift; path = AvatarModel.swift; sourceTree = "<group>"; };
		ABDD313F2D4A8CC700A5AB28 /* CarouselView.swift */ = {isa = PBXFileReference; lastKnownFileType = sourcecode.swift; path = CarouselView.swift; sourceTree = "<group>"; };
		ABDD31412D4A9E4900A5AB28 /* ListTitleView.swift */ = {isa = PBXFileReference; lastKnownFileType = sourcecode.swift; path = ListTitleView.swift; sourceTree = "<group>"; };
		ABDD31432D4AA16500A5AB28 /* CategoryCell.swift */ = {isa = PBXFileReference; lastKnownFileType = sourcecode.swift; path = CategoryCell.swift; sourceTree = "<group>"; };
		ABDD31452D4AA4A900A5AB28 /* ImageTextGradientStyle.swift */ = {isa = PBXFileReference; lastKnownFileType = sourcecode.swift; path = ImageTextGradientStyle.swift; sourceTree = "<group>"; };
		ABDD31482D4AC09400A5AB28 /* PopularCell.swift */ = {isa = PBXFileReference; lastKnownFileType = sourcecode.swift; path = PopularCell.swift; sourceTree = "<group>"; };
		ABDD314E2D4ACD3C00A5AB28 /* ButtonScaleEffectStyle.swift */ = {isa = PBXFileReference; lastKnownFileType = sourcecode.swift; path = ButtonScaleEffectStyle.swift; sourceTree = "<group>"; };
		ABDD31522D4BCCD800A5AB28 /* ChatModel.swift */ = {isa = PBXFileReference; lastKnownFileType = sourcecode.swift; path = ChatModel.swift; sourceTree = "<group>"; };
		ABDD31542D4BD09500A5AB28 /* ChatMessageModel.swift */ = {isa = PBXFileReference; lastKnownFileType = sourcecode.swift; path = ChatMessageModel.swift; sourceTree = "<group>"; };
		ABDD31562D4BD6D700A5AB28 /* ChatCell.swift */ = {isa = PBXFileReference; lastKnownFileType = sourcecode.swift; path = ChatCell.swift; sourceTree = "<group>"; };
		ABDD31592D4BE35100A5AB28 /* ChatCellViewBuilder.swift */ = {isa = PBXFileReference; lastKnownFileType = sourcecode.swift; path = ChatCellViewBuilder.swift; sourceTree = "<group>"; };
		ABDD315D2D4BF1E500A5AB28 /* UserModel.swift */ = {isa = PBXFileReference; lastKnownFileType = sourcecode.swift; path = UserModel.swift; sourceTree = "<group>"; };
		ABDD31602D4C27DE00A5AB28 /* Color+Extension.swift */ = {isa = PBXFileReference; lastKnownFileType = sourcecode.swift; path = "Color+Extension.swift"; sourceTree = "<group>"; };
		ABDD31622D4C2D1C00A5AB28 /* ListStyle.swift */ = {isa = PBXFileReference; lastKnownFileType = sourcecode.swift; path = ListStyle.swift; sourceTree = "<group>"; };
		ABDD31652D4D1B2D00A5AB28 /* CreateAvatarView.swift */ = {isa = PBXFileReference; lastKnownFileType = sourcecode.swift; path = CreateAvatarView.swift; sourceTree = "<group>"; };
		ABDD316A2D4D427C00A5AB28 /* ChatMessageCell.swift */ = {isa = PBXFileReference; lastKnownFileType = sourcecode.swift; path = ChatMessageCell.swift; sourceTree = "<group>"; };
		ABDD316C2D4D52F900A5AB28 /* ChatMessageListView.swift */ = {isa = PBXFileReference; lastKnownFileType = sourcecode.swift; path = ChatMessageListView.swift; sourceTree = "<group>"; };
		ABDD31702D4D659700A5AB28 /* ViewSizeModifier.swift */ = {isa = PBXFileReference; lastKnownFileType = sourcecode.swift; path = ViewSizeModifier.swift; sourceTree = "<group>"; };
		ABDD31732D4D845C00A5AB28 /* AnyAlertError.swift */ = {isa = PBXFileReference; lastKnownFileType = sourcecode.swift; path = AnyAlertError.swift; sourceTree = "<group>"; };
		ABDD31752D4D941800A5AB28 /* ErrorAlertModifier.swift */ = {isa = PBXFileReference; lastKnownFileType = sourcecode.swift; path = ErrorAlertModifier.swift; sourceTree = "<group>"; };
		ABDD31772D4D9D9E00A5AB28 /* Binding+Extension.swift */ = {isa = PBXFileReference; lastKnownFileType = sourcecode.swift; path = "Binding+Extension.swift"; sourceTree = "<group>"; };
		ABDD317A2D4E676500A5AB28 /* AvatarProfileModal.swift */ = {isa = PBXFileReference; lastKnownFileType = sourcecode.swift; path = AvatarProfileModal.swift; sourceTree = "<group>"; };
		ABDD317C2D4E68A700A5AB28 /* ShowModalModifier.swift */ = {isa = PBXFileReference; lastKnownFileType = sourcecode.swift; path = ShowModalModifier.swift; sourceTree = "<group>"; };
		ABDD31802D4E84EB00A5AB28 /* CategoryListView.swift */ = {isa = PBXFileReference; lastKnownFileType = sourcecode.swift; path = CategoryListView.swift; sourceTree = "<group>"; };
		ABF6B28A2D509D6500B9D27A /* FirebaseAuthService.swift */ = {isa = PBXFileReference; lastKnownFileType = sourcecode.swift; path = FirebaseAuthService.swift; sourceTree = "<group>"; };
		ABF6B2902D53B5A600B9D27A /* MockAuthService.swift */ = {isa = PBXFileReference; lastKnownFileType = sourcecode.swift; path = MockAuthService.swift; sourceTree = "<group>"; };
		ABF6B2932D53BE6900B9D27A /* UserAuthInfo.swift */ = {isa = PBXFileReference; lastKnownFileType = sourcecode.swift; path = UserAuthInfo.swift; sourceTree = "<group>"; };
		ABF6B2952D53BF7E00B9D27A /* AuthService.swift */ = {isa = PBXFileReference; lastKnownFileType = sourcecode.swift; path = AuthService.swift; sourceTree = "<group>"; };
		ABF6B2972D53C80500B9D27A /* AuthManager.swift */ = {isa = PBXFileReference; lastKnownFileType = sourcecode.swift; path = AuthManager.swift; sourceTree = "<group>"; };
		ABF6B29A2D53D33200B9D27A /* UserAuthInfo+Firebase.swift */ = {isa = PBXFileReference; lastKnownFileType = sourcecode.swift; path = "UserAuthInfo+Firebase.swift"; sourceTree = "<group>"; };
		ABF6B29F2D53F95100B9D27A /* UserManager.swift */ = {isa = PBXFileReference; lastKnownFileType = sourcecode.swift; path = UserManager.swift; sourceTree = "<group>"; };
		ABF6B2A12D53FC1600B9D27A /* GoogleService-Info.plist */ = {isa = PBXFileReference; fileEncoding = 4; lastKnownFileType = text.plist.xml; path = "GoogleService-Info.plist"; sourceTree = "<group>"; };
		ABF6B2A72D544A7B00B9D27A /* DocumentReference+Extension.swift */ = {isa = PBXFileReference; lastKnownFileType = sourcecode.swift; path = "DocumentReference+Extension.swift"; sourceTree = "<group>"; };
		ABF6B2AA2D54689300B9D27A /* UserService.swift */ = {isa = PBXFileReference; lastKnownFileType = sourcecode.swift; path = UserService.swift; sourceTree = "<group>"; };
		ABF6B2AC2D5468A100B9D27A /* MockUserService.swift */ = {isa = PBXFileReference; lastKnownFileType = sourcecode.swift; path = MockUserService.swift; sourceTree = "<group>"; };
		ABF6B2AE2D5468D300B9D27A /* FirestoreUserService.swift */ = {isa = PBXFileReference; lastKnownFileType = sourcecode.swift; path = FirestoreUserService.swift; sourceTree = "<group>"; };
		ABF6B2B12D54FC3A00B9D27A /* AIImageGeneratorService.swift */ = {isa = PBXFileReference; lastKnownFileType = sourcecode.swift; path = AIImageGeneratorService.swift; sourceTree = "<group>"; };
		ABF6B2B32D54FE1E00B9D27A /* MockAIImageGeneratorService.swift */ = {isa = PBXFileReference; lastKnownFileType = sourcecode.swift; path = MockAIImageGeneratorService.swift; sourceTree = "<group>"; };
		ABF6B2B52D54FE4400B9D27A /* GetImgAIService.swift */ = {isa = PBXFileReference; lastKnownFileType = sourcecode.swift; path = GetImgAIService.swift; sourceTree = "<group>"; };
		ABF6B2B72D5514F100B9D27A /* AIImageGeneratorManager.swift */ = {isa = PBXFileReference; lastKnownFileType = sourcecode.swift; path = AIImageGeneratorManager.swift; sourceTree = "<group>"; };
		ABF6B2BB2D551E6600B9D27A /* AvatarService.swift */ = {isa = PBXFileReference; lastKnownFileType = sourcecode.swift; path = AvatarService.swift; sourceTree = "<group>"; };
		ABF6B2BD2D55211200B9D27A /* FirestoreCollections.swift */ = {isa = PBXFileReference; lastKnownFileType = sourcecode.swift; path = FirestoreCollections.swift; sourceTree = "<group>"; };
		ABF6B2C42D554C3100B9D27A /* FirebaseStorageService.swift */ = {isa = PBXFileReference; lastKnownFileType = sourcecode.swift; path = FirebaseStorageService.swift; sourceTree = "<group>"; };
		ABF6B2C82D555A7200B9D27A /* UIImage+Extension.swift */ = {isa = PBXFileReference; lastKnownFileType = sourcecode.swift; path = "UIImage+Extension.swift"; sourceTree = "<group>"; };
/* End PBXFileReference section */

/* Begin PBXFrameworksBuildPhase section */
		ABDD30E12D491BD700A5AB28 /* Frameworks */ = {
			isa = PBXFrameworksBuildPhase;
			buildActionMask = 2147483647;
			files = (
				ABDD31222D49525600A5AB28 /* SDWebImageSwiftUI in Frameworks */,
				ABF6B2C72D554E4700B9D27A /* FirebaseStorage in Frameworks */,
				ABF6B2882D509AE100B9D27A /* FirebaseAuth in Frameworks */,
				ABF6B29E2D53F7C200B9D27A /* FirebaseFirestore in Frameworks */,
			);
			runOnlyForDeploymentPostprocessing = 0;
		};
/* End PBXFrameworksBuildPhase section */

/* Begin PBXGroup section */
		ABBEA0EF2D590242003C99AF /* View Builders */ = {
			isa = PBXGroup;
			children = (
				ABBEA0F42D591132003C99AF /* Avatars */,
			);
			path = "View Builders";
			sourceTree = "<group>";
		};
		ABBEA0F42D591132003C99AF /* Avatars */ = {
			isa = PBXGroup;
			children = (
				ABBEA0F52D593DAA003C99AF /* FeatureAvatarsSectionViewBuilder.swift */,
				ABBEA0F22D59111D003C99AF /* AvatarCategoriesSectionViewBuilder.swift */,
				ABBEA0F02D590270003C99AF /* PopularAvatarSectionViewBuilder.swift */,
				ABBEA0FB2D5A49F3003C99AF /* MyAvatarsSectionViewBuilder.swift */,
			);
			path = Avatars;
			sourceTree = "<group>";
		};
		ABCD0B372D564A46001F0EF7 /* Firestore */ = {
			isa = PBXGroup;
			children = (
				ABF6B2BD2D55211200B9D27A /* FirestoreCollections.swift */,
			);
			path = Firestore;
			sourceTree = "<group>";
		};
		ABCD0B3A2D56746C001F0EF7 /* Firestore */ = {
			isa = PBXGroup;
			children = (
				ABCD0B3D2D56749C001F0EF7 /* QuerySnapshot+Extension.swift */,
				ABF6B2A72D544A7B00B9D27A /* DocumentReference+Extension.swift */,
			);
			path = Firestore;
			sourceTree = "<group>";
		};
		ABDD30DB2D491BD700A5AB28 = {
			isa = PBXGroup;
			children = (
				ABDD30E62D491BD700A5AB28 /* AIChat */,
				ABDD30E52D491BD700A5AB28 /* Products */,
				ABF6B29C2D53F7C200B9D27A /* Frameworks */,
			);
			sourceTree = "<group>";
		};
		ABDD30E52D491BD700A5AB28 /* Products */ = {
			isa = PBXGroup;
			children = (
				ABDD30E42D491BD700A5AB28 /* AIChat.app */,
			);
			name = Products;
			sourceTree = "<group>";
		};
		ABDD30E62D491BD700A5AB28 /* AIChat */ = {
			isa = PBXGroup;
			children = (
				ABDD31722D4D843000A5AB28 /* Protocols */,
				ABDD315F2D4C27CB00A5AB28 /* Extensions */,
				ABDD31312D4A80F600A5AB28 /* Services */,
				ABDD31252D4954E300A5AB28 /* Utilities */,
				ABDD311F2D4951F000A5AB28 /* Components */,
				ABDD31182D4945A300A5AB28 /* Styles */,
				ABDD30FA2D49294A00A5AB28 /* Core */,
				ABDD30E72D491BD700A5AB28 /* AIChatApp.swift */,
				ABDD30EB2D491BD900A5AB28 /* Assets.xcassets */,
				ABF6B2A12D53FC1600B9D27A /* GoogleService-Info.plist */,
				ABDD30ED2D491BD900A5AB28 /* AIChat.entitlements */,
				ABDD30EE2D491BD900A5AB28 /* Preview Content */,
				ABDD30F62D49235C00A5AB28 /* NOTES.swift */,
			);
			path = AIChat;
			sourceTree = "<group>";
		};
		ABDD30EE2D491BD900A5AB28 /* Preview Content */ = {
			isa = PBXGroup;
			children = (
				ABDD30EF2D491BD900A5AB28 /* Preview Assets.xcassets */,
			);
			path = "Preview Content";
			sourceTree = "<group>";
		};
		ABDD30FA2D49294A00A5AB28 /* Core */ = {
			isa = PBXGroup;
			children = (
				ABDD30FB2D49297900A5AB28 /* AppView */,
				ABDD317E2D4E84AB00A5AB28 /* CategoryListView */,
				ABDD31682D4D421400A5AB28 /* ChatMessages */,
				ABDD31642D4D1B0B00A5AB28 /* CreateAvatar */,
				ABDD311C2D494B7700A5AB28 /* Settings */,
				ABDD31132D49438200A5AB28 /* Onboarding */,
				ABDD310E2D493B8D00A5AB28 /* Welcome */,
				ABDD31082D49365E00A5AB28 /* TabBar */,
				ABDD31072D49364400A5AB28 /* Explore */,
				ABDD31042D49362300A5AB28 /* Profile */,
				ABDD31012D4935B400A5AB28 /* Chats */,
			);
			path = Core;
			sourceTree = "<group>";
		};
		ABDD30FB2D49297900A5AB28 /* AppView */ = {
			isa = PBXGroup;
			children = (
				ABDD30FC2D492A3B00A5AB28 /* AppView.swift */,
				ABDD30FE2D49315C00A5AB28 /* AppViewBuilder.swift */,
				ABDD31112D4940DB00A5AB28 /* AppState.swift */,
			);
			path = AppView;
			sourceTree = "<group>";
		};
		ABDD31012D4935B400A5AB28 /* Chats */ = {
			isa = PBXGroup;
			children = (
				ABDD31022D4935D300A5AB28 /* ChatsView.swift */,
			);
			path = Chats;
			sourceTree = "<group>";
		};
		ABDD31042D49362300A5AB28 /* Profile */ = {
			isa = PBXGroup;
			children = (
				ABDD31052D49363500A5AB28 /* ProfileView.swift */,
			);
			path = Profile;
			sourceTree = "<group>";
		};
		ABDD31072D49364400A5AB28 /* Explore */ = {
			isa = PBXGroup;
			children = (
				ABDD310C2D4937FA00A5AB28 /* ExploreView.swift */,
			);
			path = Explore;
			sourceTree = "<group>";
		};
		ABDD31082D49365E00A5AB28 /* TabBar */ = {
			isa = PBXGroup;
			children = (
				ABDD31092D49366D00A5AB28 /* TabBarView.swift */,
			);
			path = TabBar;
			sourceTree = "<group>";
		};
		ABDD310E2D493B8D00A5AB28 /* Welcome */ = {
			isa = PBXGroup;
			children = (
				ABDD310F2D493BC800A5AB28 /* WelcomeView.swift */,
			);
			path = Welcome;
			sourceTree = "<group>";
		};
		ABDD31132D49438200A5AB28 /* Onboarding */ = {
			isa = PBXGroup;
			children = (
				ABDD31282D497F7500A5AB28 /* IntroView */,
				ABDD312B2D4983B000A5AB28 /* ColorView */,
				ABDD31152D4944D700A5AB28 /* CompletedView */,
			);
			path = Onboarding;
			sourceTree = "<group>";
		};
		ABDD31152D4944D700A5AB28 /* CompletedView */ = {
			isa = PBXGroup;
			children = (
				ABDD31162D49455400A5AB28 /* OnboardingCompletedView.swift */,
			);
			path = CompletedView;
			sourceTree = "<group>";
		};
		ABDD31182D4945A300A5AB28 /* Styles */ = {
			isa = PBXGroup;
			children = (
				ABDD311A2D4945CE00A5AB28 /* MainButtonStyle.swift */,
				ABDD31452D4AA4A900A5AB28 /* ImageTextGradientStyle.swift */,
				ABDD314E2D4ACD3C00A5AB28 /* ButtonScaleEffectStyle.swift */,
				ABDD31622D4C2D1C00A5AB28 /* ListStyle.swift */,
				ABBEA0F92D598E97003C99AF /* ScreenLoadingStyle.swift */,
			);
			path = Styles;
			sourceTree = "<group>";
		};
		ABDD311C2D494B7700A5AB28 /* Settings */ = {
			isa = PBXGroup;
			children = (
				ABDD311D2D494B8C00A5AB28 /* SettingsView.swift */,
			);
			path = Settings;
			sourceTree = "<group>";
		};
		ABDD311F2D4951F000A5AB28 /* Components */ = {
			isa = PBXGroup;
			children = (
				ABBEA0EF2D590242003C99AF /* View Builders */,
				ABDD31792D4E673F00A5AB28 /* Modals */,
				ABDD31672D4D20CE00A5AB28 /* Picker */,
				ABDD313E2D4A8C9C00A5AB28 /* Views */,
				ABDD312E2D4A795C00A5AB28 /* Cells */,
			);
			path = Components;
			sourceTree = "<group>";
		};
		ABDD31252D4954E300A5AB28 /* Utilities */ = {
			isa = PBXGroup;
			children = (
				ABCD0B372D564A46001F0EF7 /* Firestore */,
				ABDD31262D4954F500A5AB28 /* Constants.swift */,
				ABDD31702D4D659700A5AB28 /* ViewSizeModifier.swift */,
				ABDD31752D4D941800A5AB28 /* ErrorAlertModifier.swift */,
				ABDD317C2D4E68A700A5AB28 /* ShowModalModifier.swift */,
				ABBEA0FF2D5A8BB3003C99AF /* PreviewState.swift */,
			);
			path = Utilities;
			sourceTree = "<group>";
		};
		ABDD31282D497F7500A5AB28 /* IntroView */ = {
			isa = PBXGroup;
			children = (
				ABDD31292D497F9500A5AB28 /* OnboardingIntroView.swift */,
			);
			path = IntroView;
			sourceTree = "<group>";
		};
		ABDD312B2D4983B000A5AB28 /* ColorView */ = {
			isa = PBXGroup;
			children = (
				ABDD312C2D4983C600A5AB28 /* OnboardingColorView.swift */,
			);
			path = ColorView;
			sourceTree = "<group>";
		};
		ABDD312E2D4A795C00A5AB28 /* Cells */ = {
			isa = PBXGroup;
			children = (
				ABDD31692D4D425500A5AB28 /* ChatMessageCell */,
				ABDD31582D4BE32100A5AB28 /* ChatCell */,
				ABDD312F2D4A79A000A5AB28 /* FeatureCell.swift */,
				ABDD31432D4AA16500A5AB28 /* CategoryCell.swift */,
				ABDD31482D4AC09400A5AB28 /* PopularCell.swift */,
				ABBEA0FD2D5A52F9003C99AF /* MyAvatarCellBuilder.swift */,
			);
			path = Cells;
			sourceTree = "<group>";
		};
		ABDD31312D4A80F600A5AB28 /* Services */ = {
			isa = PBXGroup;
			children = (
				ABF6B2B92D551C7600B9D27A /* Image Generator */,
				ABF6B2C02D554B4D00B9D27A /* Media Uploads */,
				ABF6B2892D509D4B00B9D27A /* Auth */,
				ABDD315B2D4BF1CD00A5AB28 /* User */,
				ABDD31322D4A810300A5AB28 /* Avatar */,
				ABDD31502D4BCCB900A5AB28 /* Chat */,
			);
			path = Services;
			sourceTree = "<group>";
		};
		ABDD31322D4A810300A5AB28 /* Avatar */ = {
			isa = PBXGroup;
			children = (
				ABCD0B352D557E87001F0EF7 /* AvatarManager.swift */,
				ABF6B2BA2D551CA700B9D27A /* Services */,
				ABDD31352D4A812400A5AB28 /* Enums */,
				ABDD31342D4A811C00A5AB28 /* Models */,
			);
			path = Avatar;
			sourceTree = "<group>";
		};
		ABDD31342D4A811C00A5AB28 /* Models */ = {
			isa = PBXGroup;
			children = (
				ABDD313C2D4A828900A5AB28 /* AvatarModel.swift */,
				ABDD31542D4BD09500A5AB28 /* ChatMessageModel.swift */,
			);
			path = Models;
			sourceTree = "<group>";
		};
		ABDD31352D4A812400A5AB28 /* Enums */ = {
			isa = PBXGroup;
			children = (
				ABDD31362D4A818800A5AB28 /* CharacterOption.swift */,
				ABDD31382D4A821700A5AB28 /* CharacterAction.swift */,
				ABDD313A2D4A824F00A5AB28 /* CharacterLocation.swift */,
			);
			path = Enums;
			sourceTree = "<group>";
		};
		ABDD313E2D4A8C9C00A5AB28 /* Views */ = {
			isa = PBXGroup;
			children = (
				ABBEA0E92D57DAF3003C99AF /* CarouselSectionView.swift */,
				ABDD31232D49526800A5AB28 /* ImageLoaderView.swift */,
				ABDD313F2D4A8CC700A5AB28 /* CarouselView.swift */,
				ABDD31412D4A9E4900A5AB28 /* ListTitleView.swift */,
				ABBEA0F72D593EC8003C99AF /* NoResultsView.swift */,
			);
			path = Views;
			sourceTree = "<group>";
		};
		ABDD31502D4BCCB900A5AB28 /* Chat */ = {
			isa = PBXGroup;
			children = (
				ABDD31512D4BCCC700A5AB28 /* Model */,
			);
			path = Chat;
			sourceTree = "<group>";
		};
		ABDD31512D4BCCC700A5AB28 /* Model */ = {
			isa = PBXGroup;
			children = (
				ABDD31522D4BCCD800A5AB28 /* ChatModel.swift */,
			);
			path = Model;
			sourceTree = "<group>";
		};
		ABDD31582D4BE32100A5AB28 /* ChatCell */ = {
			isa = PBXGroup;
			children = (
				ABDD31562D4BD6D700A5AB28 /* ChatCell.swift */,
				ABDD31592D4BE35100A5AB28 /* ChatCellViewBuilder.swift */,
			);
			path = ChatCell;
			sourceTree = "<group>";
		};
		ABDD315B2D4BF1CD00A5AB28 /* User */ = {
			isa = PBXGroup;
			children = (
				ABF6B29F2D53F95100B9D27A /* UserManager.swift */,
				ABF6B2A92D54687900B9D27A /* Services */,
				ABDD315C2D4BF1D300A5AB28 /* Models */,
			);
			path = User;
			sourceTree = "<group>";
		};
		ABDD315C2D4BF1D300A5AB28 /* Models */ = {
			isa = PBXGroup;
			children = (
				ABDD315D2D4BF1E500A5AB28 /* UserModel.swift */,
			);
			path = Models;
			sourceTree = "<group>";
		};
		ABDD315F2D4C27CB00A5AB28 /* Extensions */ = {
			isa = PBXGroup;
			children = (
				ABCD0B3A2D56746C001F0EF7 /* Firestore */,
				ABDD31602D4C27DE00A5AB28 /* Color+Extension.swift */,
				ABDD31772D4D9D9E00A5AB28 /* Binding+Extension.swift */,
				ABF6B2C82D555A7200B9D27A /* UIImage+Extension.swift */,
			);
			path = Extensions;
			sourceTree = "<group>";
		};
		ABDD31642D4D1B0B00A5AB28 /* CreateAvatar */ = {
			isa = PBXGroup;
			children = (
				ABDD31652D4D1B2D00A5AB28 /* CreateAvatarView.swift */,
			);
			path = CreateAvatar;
			sourceTree = "<group>";
		};
		ABDD31672D4D20CE00A5AB28 /* Picker */ = {
			isa = PBXGroup;
			children = (
			);
			path = Picker;
			sourceTree = "<group>";
		};
		ABDD31682D4D421400A5AB28 /* ChatMessages */ = {
			isa = PBXGroup;
			children = (
				ABDD316C2D4D52F900A5AB28 /* ChatMessageListView.swift */,
			);
			path = ChatMessages;
			sourceTree = "<group>";
		};
		ABDD31692D4D425500A5AB28 /* ChatMessageCell */ = {
			isa = PBXGroup;
			children = (
				ABDD316A2D4D427C00A5AB28 /* ChatMessageCell.swift */,
			);
			path = ChatMessageCell;
			sourceTree = "<group>";
		};
		ABDD31722D4D843000A5AB28 /* Protocols */ = {
			isa = PBXGroup;
			children = (
				ABDD31732D4D845C00A5AB28 /* AnyAlertError.swift */,
			);
			path = Protocols;
			sourceTree = "<group>";
		};
		ABDD31792D4E673F00A5AB28 /* Modals */ = {
			isa = PBXGroup;
			children = (
				ABDD317A2D4E676500A5AB28 /* AvatarProfileModal.swift */,
			);
			name = Modals;
			sourceTree = "<group>";
		};
		ABDD317E2D4E84AB00A5AB28 /* CategoryListView */ = {
			isa = PBXGroup;
			children = (
				ABDD31802D4E84EB00A5AB28 /* CategoryListView.swift */,
			);
			path = CategoryListView;
			sourceTree = "<group>";
		};
		ABF6B2892D509D4B00B9D27A /* Auth */ = {
			isa = PBXGroup;
			children = (
				ABF6B2972D53C80500B9D27A /* AuthManager.swift */,
				ABF6B2992D53C81200B9D27A /* Services */,
				ABF6B2922D53BDFD00B9D27A /* Models */,
			);
			path = Auth;
			sourceTree = "<group>";
		};
		ABF6B2922D53BDFD00B9D27A /* Models */ = {
			isa = PBXGroup;
			children = (
				ABF6B2932D53BE6900B9D27A /* UserAuthInfo.swift */,
				ABF6B29A2D53D33200B9D27A /* UserAuthInfo+Firebase.swift */,
			);
			path = Models;
			sourceTree = "<group>";
		};
		ABF6B2992D53C81200B9D27A /* Services */ = {
			isa = PBXGroup;
			children = (
				ABF6B2952D53BF7E00B9D27A /* AuthService.swift */,
				ABF6B2902D53B5A600B9D27A /* MockAuthService.swift */,
				ABF6B28A2D509D6500B9D27A /* FirebaseAuthService.swift */,
			);
			path = Services;
			sourceTree = "<group>";
		};
		ABF6B29C2D53F7C200B9D27A /* Frameworks */ = {
			isa = PBXGroup;
			children = (
			);
			name = Frameworks;
			sourceTree = "<group>";
		};
		ABF6B2A92D54687900B9D27A /* Services */ = {
			isa = PBXGroup;
			children = (
				ABF6B2AA2D54689300B9D27A /* UserService.swift */,
				ABF6B2AC2D5468A100B9D27A /* MockUserService.swift */,
				ABF6B2AE2D5468D300B9D27A /* FirestoreUserService.swift */,
			);
			path = Services;
			sourceTree = "<group>";
		};
		ABF6B2B02D54FBBC00B9D27A /* Services */ = {
			isa = PBXGroup;
			children = (
				ABF6B2B12D54FC3A00B9D27A /* AIImageGeneratorService.swift */,
				ABF6B2B32D54FE1E00B9D27A /* MockAIImageGeneratorService.swift */,
				ABF6B2B52D54FE4400B9D27A /* GetImgAIService.swift */,
			);
			path = Services;
			sourceTree = "<group>";
		};
		ABF6B2B92D551C7600B9D27A /* Image Generator */ = {
			isa = PBXGroup;
			children = (
				ABF6B2B72D5514F100B9D27A /* AIImageGeneratorManager.swift */,
				ABF6B2B02D54FBBC00B9D27A /* Services */,
			);
			path = "Image Generator";
			sourceTree = "<group>";
		};
		ABF6B2BA2D551CA700B9D27A /* Services */ = {
			isa = PBXGroup;
			children = (
				ABF6B2BB2D551E6600B9D27A /* AvatarService.swift */,
				ABCD0B312D557E66001F0EF7 /* MockAvatarService.swift */,
				ABCD0B332D557E78001F0EF7 /* FirestoreAvatarService.swift */,
			);
			path = Services;
			sourceTree = "<group>";
		};
		ABF6B2C02D554B4D00B9D27A /* Media Uploads */ = {
			isa = PBXGroup;
			children = (
				ABF6B2C12D554B5B00B9D27A /* Services */,
			);
			path = "Media Uploads";
			sourceTree = "<group>";
		};
		ABF6B2C12D554B5B00B9D27A /* Services */ = {
			isa = PBXGroup;
			children = (
				ABF6B2C42D554C3100B9D27A /* FirebaseStorageService.swift */,
			);
			path = Services;
			sourceTree = "<group>";
		};
/* End PBXGroup section */

/* Begin PBXNativeTarget section */
		ABDD30E32D491BD700A5AB28 /* AIChat */ = {
			isa = PBXNativeTarget;
			buildConfigurationList = ABDD30F32D491BD900A5AB28 /* Build configuration list for PBXNativeTarget "AIChat" */;
			buildPhases = (
				ABDD30E02D491BD700A5AB28 /* Sources */,
				ABDD30E12D491BD700A5AB28 /* Frameworks */,
				ABDD30E22D491BD700A5AB28 /* Resources */,
			);
			buildRules = (
			);
			dependencies = (
			);
			name = AIChat;
			packageProductDependencies = (
				ABDD31212D49525600A5AB28 /* SDWebImageSwiftUI */,
				ABF6B2872D509AE100B9D27A /* FirebaseAuth */,
				ABF6B29D2D53F7C200B9D27A /* FirebaseFirestore */,
				ABF6B2C62D554E4700B9D27A /* FirebaseStorage */,
			);
			productName = AIChat;
			productReference = ABDD30E42D491BD700A5AB28 /* AIChat.app */;
			productType = "com.apple.product-type.application";
		};
/* End PBXNativeTarget section */

/* Begin PBXProject section */
		ABDD30DC2D491BD700A5AB28 /* Project object */ = {
			isa = PBXProject;
			attributes = {
				BuildIndependentTargetsInParallel = 1;
				LastSwiftUpdateCheck = 1520;
				LastUpgradeCheck = 1520;
				TargetAttributes = {
					ABDD30E32D491BD700A5AB28 = {
						CreatedOnToolsVersion = 15.2;
					};
				};
			};
			buildConfigurationList = ABDD30DF2D491BD700A5AB28 /* Build configuration list for PBXProject "AIChat" */;
			compatibilityVersion = "Xcode 14.0";
			developmentRegion = en;
			hasScannedForEncodings = 0;
			knownRegions = (
				en,
				Base,
			);
			mainGroup = ABDD30DB2D491BD700A5AB28;
			packageReferences = (
				ABDD31202D49525600A5AB28 /* XCRemoteSwiftPackageReference "SDWebImageSwiftUI" */,
				ABF6B2862D509AE100B9D27A /* XCRemoteSwiftPackageReference "firebase-ios-sdk" */,
			);
			productRefGroup = ABDD30E52D491BD700A5AB28 /* Products */;
			projectDirPath = "";
			projectRoot = "";
			targets = (
				ABDD30E32D491BD700A5AB28 /* AIChat */,
			);
		};
/* End PBXProject section */

/* Begin PBXResourcesBuildPhase section */
		ABDD30E22D491BD700A5AB28 /* Resources */ = {
			isa = PBXResourcesBuildPhase;
			buildActionMask = 2147483647;
			files = (
				ABDD30F02D491BD900A5AB28 /* Preview Assets.xcassets in Resources */,
				ABDD30EC2D491BD900A5AB28 /* Assets.xcassets in Resources */,
				ABF6B2A22D53FC1600B9D27A /* GoogleService-Info.plist in Resources */,
			);
			runOnlyForDeploymentPostprocessing = 0;
		};
/* End PBXResourcesBuildPhase section */

/* Begin PBXSourcesBuildPhase section */
		ABDD30E02D491BD700A5AB28 /* Sources */ = {
			isa = PBXSourcesBuildPhase;
			buildActionMask = 2147483647;
			files = (
				ABDD31742D4D845C00A5AB28 /* AnyAlertError.swift in Sources */,
				ABDD316D2D4D52F900A5AB28 /* ChatMessageListView.swift in Sources */,
				ABF6B2AB2D54689300B9D27A /* UserService.swift in Sources */,
				ABDD31032D4935D300A5AB28 /* ChatsView.swift in Sources */,
				ABDD310D2D4937FA00A5AB28 /* ExploreView.swift in Sources */,
				ABDD311B2D4945CE00A5AB28 /* MainButtonStyle.swift in Sources */,
				ABDD30FF2D49315C00A5AB28 /* AppViewBuilder.swift in Sources */,
				ABF6B2BE2D55211200B9D27A /* FirestoreCollections.swift in Sources */,
				ABDD31462D4AA4A900A5AB28 /* ImageTextGradientStyle.swift in Sources */,
				ABDD31442D4AA16500A5AB28 /* CategoryCell.swift in Sources */,
				ABDD31492D4AC09400A5AB28 /* PopularCell.swift in Sources */,
				ABDD310A2D49366D00A5AB28 /* TabBarView.swift in Sources */,
				ABF6B2B82D5514F100B9D27A /* AIImageGeneratorManager.swift in Sources */,
				ABF6B2942D53BE6900B9D27A /* UserAuthInfo.swift in Sources */,
				ABDD31762D4D941800A5AB28 /* ErrorAlertModifier.swift in Sources */,
				ABDD31372D4A818800A5AB28 /* CharacterOption.swift in Sources */,
				ABBEA0F82D593EC8003C99AF /* NoResultsView.swift in Sources */,
				ABF6B2912D53B5A600B9D27A /* MockAuthService.swift in Sources */,
				ABDD31272D4954F500A5AB28 /* Constants.swift in Sources */,
				ABDD31782D4D9D9E00A5AB28 /* Binding+Extension.swift in Sources */,
				ABBEA0FA2D598E97003C99AF /* ScreenLoadingStyle.swift in Sources */,
				ABDD31712D4D659700A5AB28 /* ViewSizeModifier.swift in Sources */,
				ABDD315E2D4BF1E500A5AB28 /* UserModel.swift in Sources */,
				ABDD31662D4D1B2D00A5AB28 /* CreateAvatarView.swift in Sources */,
				ABDD31422D4A9E4900A5AB28 /* ListTitleView.swift in Sources */,
				ABDD31392D4A821700A5AB28 /* CharacterAction.swift in Sources */,
				ABF6B2A82D544A7B00B9D27A /* DocumentReference+Extension.swift in Sources */,
				ABDD30FD2D492A3B00A5AB28 /* AppView.swift in Sources */,
				ABDD31102D493BC800A5AB28 /* WelcomeView.swift in Sources */,
				ABF6B2C92D555A7200B9D27A /* UIImage+Extension.swift in Sources */,
				ABDD311E2D494B8C00A5AB28 /* SettingsView.swift in Sources */,
				ABDD314F2D4ACD3C00A5AB28 /* ButtonScaleEffectStyle.swift in Sources */,
				ABCD0B362D557E87001F0EF7 /* AvatarManager.swift in Sources */,
				ABDD31302D4A79A000A5AB28 /* FeatureCell.swift in Sources */,
				ABDD31632D4C2D1C00A5AB28 /* ListStyle.swift in Sources */,
				ABDD313D2D4A828900A5AB28 /* AvatarModel.swift in Sources */,
				ABBEA0FE2D5A52F9003C99AF /* MyAvatarCellBuilder.swift in Sources */,
				ABDD31122D4940DB00A5AB28 /* AppState.swift in Sources */,
				ABDD313B2D4A824F00A5AB28 /* CharacterLocation.swift in Sources */,
				ABDD31572D4BD6D700A5AB28 /* ChatCell.swift in Sources */,
				ABDD31242D49526800A5AB28 /* ImageLoaderView.swift in Sources */,
				ABF6B2AD2D5468A100B9D27A /* MockUserService.swift in Sources */,
				ABF6B28B2D509D6500B9D27A /* FirebaseAuthService.swift in Sources */,
				ABDD315A2D4BE35100A5AB28 /* ChatCellViewBuilder.swift in Sources */,
				ABF6B29B2D53D33200B9D27A /* UserAuthInfo+Firebase.swift in Sources */,
				ABDD31532D4BCCD800A5AB28 /* ChatModel.swift in Sources */,
				ABDD312D2D4983C600A5AB28 /* OnboardingColorView.swift in Sources */,
				ABDD30F72D49235C00A5AB28 /* NOTES.swift in Sources */,
				ABDD31062D49363500A5AB28 /* ProfileView.swift in Sources */,
				ABDD317D2D4E68A700A5AB28 /* ShowModalModifier.swift in Sources */,
				ABF6B2B62D54FE4400B9D27A /* GetImgAIService.swift in Sources */,
				ABDD317B2D4E676500A5AB28 /* AvatarProfileModal.swift in Sources */,
				ABBEA1002D5A8BB3003C99AF /* PreviewState.swift in Sources */,
				ABDD30E82D491BD700A5AB28 /* AIChatApp.swift in Sources */,
				ABF6B2A02D53F95100B9D27A /* UserManager.swift in Sources */,
				ABCD0B342D557E78001F0EF7 /* FirestoreAvatarService.swift in Sources */,
				ABDD312A2D497F9500A5AB28 /* OnboardingIntroView.swift in Sources */,
				ABDD31812D4E84EB00A5AB28 /* CategoryListView.swift in Sources */,
				ABBEA0F62D593DAA003C99AF /* FeatureAvatarsSectionViewBuilder.swift in Sources */,
				ABF6B2AF2D5468D300B9D27A /* FirestoreUserService.swift in Sources */,
				ABDD316B2D4D427C00A5AB28 /* ChatMessageCell.swift in Sources */,
				ABCD0B322D557E66001F0EF7 /* MockAvatarService.swift in Sources */,
				ABDD31172D49455400A5AB28 /* OnboardingCompletedView.swift in Sources */,
				ABCD0B3E2D56749C001F0EF7 /* QuerySnapshot+Extension.swift in Sources */,
				ABDD31612D4C27DE00A5AB28 /* Color+Extension.swift in Sources */,
				ABDD31402D4A8CC700A5AB28 /* CarouselView.swift in Sources */,
				ABF6B2BC2D551E6600B9D27A /* AvatarService.swift in Sources */,
				ABBEA0EA2D57DAF3003C99AF /* CarouselSectionView.swift in Sources */,
				ABDD31552D4BD09500A5AB28 /* ChatMessageModel.swift in Sources */,
				ABF6B2962D53BF7E00B9D27A /* AuthService.swift in Sources */,
				ABBEA0F12D590270003C99AF /* PopularAvatarSectionViewBuilder.swift in Sources */,
				ABF6B2B22D54FC3A00B9D27A /* AIImageGeneratorService.swift in Sources */,
				ABF6B2982D53C80500B9D27A /* AuthManager.swift in Sources */,
				ABF6B2B42D54FE1E00B9D27A /* MockAIImageGeneratorService.swift in Sources */,
				ABF6B2C52D554C3100B9D27A /* FirebaseStorageService.swift in Sources */,
				ABBEA0FC2D5A49F3003C99AF /* MyAvatarsSectionViewBuilder.swift in Sources */,
				ABBEA0F32D59111D003C99AF /* AvatarCategoriesSectionViewBuilder.swift in Sources */,
			);
			runOnlyForDeploymentPostprocessing = 0;
		};
/* End PBXSourcesBuildPhase section */

/* Begin XCBuildConfiguration section */
		ABDD30F12D491BD900A5AB28 /* Debug */ = {
			isa = XCBuildConfiguration;
			buildSettings = {
				ALWAYS_SEARCH_USER_PATHS = NO;
				ASSETCATALOG_COMPILER_GENERATE_SWIFT_ASSET_SYMBOL_EXTENSIONS = YES;
				CLANG_ANALYZER_NONNULL = YES;
				CLANG_ANALYZER_NUMBER_OBJECT_CONVERSION = YES_AGGRESSIVE;
				CLANG_CXX_LANGUAGE_STANDARD = "gnu++20";
				CLANG_ENABLE_MODULES = YES;
				CLANG_ENABLE_OBJC_ARC = YES;
				CLANG_ENABLE_OBJC_WEAK = YES;
				CLANG_WARN_BLOCK_CAPTURE_AUTORELEASING = YES;
				CLANG_WARN_BOOL_CONVERSION = YES;
				CLANG_WARN_COMMA = YES;
				CLANG_WARN_CONSTANT_CONVERSION = YES;
				CLANG_WARN_DEPRECATED_OBJC_IMPLEMENTATIONS = YES;
				CLANG_WARN_DIRECT_OBJC_ISA_USAGE = YES_ERROR;
				CLANG_WARN_DOCUMENTATION_COMMENTS = YES;
				CLANG_WARN_EMPTY_BODY = YES;
				CLANG_WARN_ENUM_CONVERSION = YES;
				CLANG_WARN_INFINITE_RECURSION = YES;
				CLANG_WARN_INT_CONVERSION = YES;
				CLANG_WARN_NON_LITERAL_NULL_CONVERSION = YES;
				CLANG_WARN_OBJC_IMPLICIT_RETAIN_SELF = YES;
				CLANG_WARN_OBJC_LITERAL_CONVERSION = YES;
				CLANG_WARN_OBJC_ROOT_CLASS = YES_ERROR;
				CLANG_WARN_QUOTED_INCLUDE_IN_FRAMEWORK_HEADER = YES;
				CLANG_WARN_RANGE_LOOP_ANALYSIS = YES;
				CLANG_WARN_STRICT_PROTOTYPES = YES;
				CLANG_WARN_SUSPICIOUS_MOVE = YES;
				CLANG_WARN_UNGUARDED_AVAILABILITY = YES_AGGRESSIVE;
				CLANG_WARN_UNREACHABLE_CODE = YES;
				CLANG_WARN__DUPLICATE_METHOD_MATCH = YES;
				COPY_PHASE_STRIP = NO;
				DEBUG_INFORMATION_FORMAT = dwarf;
				ENABLE_STRICT_OBJC_MSGSEND = YES;
				ENABLE_TESTABILITY = YES;
				ENABLE_USER_SCRIPT_SANDBOXING = YES;
				GCC_C_LANGUAGE_STANDARD = gnu17;
				GCC_DYNAMIC_NO_PIC = NO;
				GCC_NO_COMMON_BLOCKS = YES;
				GCC_OPTIMIZATION_LEVEL = 0;
				GCC_PREPROCESSOR_DEFINITIONS = (
					"DEBUG=1",
					"$(inherited)",
				);
				GCC_WARN_64_TO_32_BIT_CONVERSION = YES;
				GCC_WARN_ABOUT_RETURN_TYPE = YES_ERROR;
				GCC_WARN_UNDECLARED_SELECTOR = YES;
				GCC_WARN_UNINITIALIZED_AUTOS = YES_AGGRESSIVE;
				GCC_WARN_UNUSED_FUNCTION = YES;
				GCC_WARN_UNUSED_VARIABLE = YES;
				LOCALIZATION_PREFERS_STRING_CATALOGS = YES;
				MTL_ENABLE_DEBUG_INFO = INCLUDE_SOURCE;
				MTL_FAST_MATH = YES;
				ONLY_ACTIVE_ARCH = YES;
				SWIFT_ACTIVE_COMPILATION_CONDITIONS = "DEBUG $(inherited)";
				SWIFT_OPTIMIZATION_LEVEL = "-Onone";
			};
			name = Debug;
		};
		ABDD30F22D491BD900A5AB28 /* Release */ = {
			isa = XCBuildConfiguration;
			buildSettings = {
				ALWAYS_SEARCH_USER_PATHS = NO;
				ASSETCATALOG_COMPILER_GENERATE_SWIFT_ASSET_SYMBOL_EXTENSIONS = YES;
				CLANG_ANALYZER_NONNULL = YES;
				CLANG_ANALYZER_NUMBER_OBJECT_CONVERSION = YES_AGGRESSIVE;
				CLANG_CXX_LANGUAGE_STANDARD = "gnu++20";
				CLANG_ENABLE_MODULES = YES;
				CLANG_ENABLE_OBJC_ARC = YES;
				CLANG_ENABLE_OBJC_WEAK = YES;
				CLANG_WARN_BLOCK_CAPTURE_AUTORELEASING = YES;
				CLANG_WARN_BOOL_CONVERSION = YES;
				CLANG_WARN_COMMA = YES;
				CLANG_WARN_CONSTANT_CONVERSION = YES;
				CLANG_WARN_DEPRECATED_OBJC_IMPLEMENTATIONS = YES;
				CLANG_WARN_DIRECT_OBJC_ISA_USAGE = YES_ERROR;
				CLANG_WARN_DOCUMENTATION_COMMENTS = YES;
				CLANG_WARN_EMPTY_BODY = YES;
				CLANG_WARN_ENUM_CONVERSION = YES;
				CLANG_WARN_INFINITE_RECURSION = YES;
				CLANG_WARN_INT_CONVERSION = YES;
				CLANG_WARN_NON_LITERAL_NULL_CONVERSION = YES;
				CLANG_WARN_OBJC_IMPLICIT_RETAIN_SELF = YES;
				CLANG_WARN_OBJC_LITERAL_CONVERSION = YES;
				CLANG_WARN_OBJC_ROOT_CLASS = YES_ERROR;
				CLANG_WARN_QUOTED_INCLUDE_IN_FRAMEWORK_HEADER = YES;
				CLANG_WARN_RANGE_LOOP_ANALYSIS = YES;
				CLANG_WARN_STRICT_PROTOTYPES = YES;
				CLANG_WARN_SUSPICIOUS_MOVE = YES;
				CLANG_WARN_UNGUARDED_AVAILABILITY = YES_AGGRESSIVE;
				CLANG_WARN_UNREACHABLE_CODE = YES;
				CLANG_WARN__DUPLICATE_METHOD_MATCH = YES;
				COPY_PHASE_STRIP = NO;
				DEBUG_INFORMATION_FORMAT = "dwarf-with-dsym";
				ENABLE_NS_ASSERTIONS = NO;
				ENABLE_STRICT_OBJC_MSGSEND = YES;
				ENABLE_USER_SCRIPT_SANDBOXING = YES;
				GCC_C_LANGUAGE_STANDARD = gnu17;
				GCC_NO_COMMON_BLOCKS = YES;
				GCC_WARN_64_TO_32_BIT_CONVERSION = YES;
				GCC_WARN_ABOUT_RETURN_TYPE = YES_ERROR;
				GCC_WARN_UNDECLARED_SELECTOR = YES;
				GCC_WARN_UNINITIALIZED_AUTOS = YES_AGGRESSIVE;
				GCC_WARN_UNUSED_FUNCTION = YES;
				GCC_WARN_UNUSED_VARIABLE = YES;
				LOCALIZATION_PREFERS_STRING_CATALOGS = YES;
				MTL_ENABLE_DEBUG_INFO = NO;
				MTL_FAST_MATH = YES;
				SWIFT_COMPILATION_MODE = wholemodule;
			};
			name = Release;
		};
		ABDD30F42D491BD900A5AB28 /* Debug */ = {
			isa = XCBuildConfiguration;
			buildSettings = {
				ASSETCATALOG_COMPILER_APPICON_NAME = AppIcon;
				ASSETCATALOG_COMPILER_GLOBAL_ACCENT_COLOR_NAME = AccentColor;
				CODE_SIGN_ENTITLEMENTS = AIChat/AIChat.entitlements;
				CODE_SIGN_STYLE = Automatic;
				CURRENT_PROJECT_VERSION = 1;
				DEVELOPMENT_ASSET_PATHS = "\"AIChat/Preview Content\"";
				DEVELOPMENT_TEAM = 28NJ2864T2;
				ENABLE_HARDENED_RUNTIME = YES;
				ENABLE_PREVIEWS = YES;
				GENERATE_INFOPLIST_FILE = YES;
				INFOPLIST_KEY_CFBundleDisplayName = "AI Chat";
				"INFOPLIST_KEY_UIApplicationSceneManifest_Generation[sdk=iphoneos*]" = YES;
				"INFOPLIST_KEY_UIApplicationSceneManifest_Generation[sdk=iphonesimulator*]" = YES;
				"INFOPLIST_KEY_UIApplicationSupportsIndirectInputEvents[sdk=iphoneos*]" = YES;
				"INFOPLIST_KEY_UIApplicationSupportsIndirectInputEvents[sdk=iphonesimulator*]" = YES;
				"INFOPLIST_KEY_UILaunchScreen_Generation[sdk=iphoneos*]" = YES;
				"INFOPLIST_KEY_UILaunchScreen_Generation[sdk=iphonesimulator*]" = YES;
				"INFOPLIST_KEY_UIStatusBarStyle[sdk=iphoneos*]" = UIStatusBarStyleDefault;
				"INFOPLIST_KEY_UIStatusBarStyle[sdk=iphonesimulator*]" = UIStatusBarStyleDefault;
				INFOPLIST_KEY_UISupportedInterfaceOrientations_iPad = "UIInterfaceOrientationPortrait UIInterfaceOrientationPortraitUpsideDown UIInterfaceOrientationLandscapeLeft UIInterfaceOrientationLandscapeRight";
				INFOPLIST_KEY_UISupportedInterfaceOrientations_iPhone = "UIInterfaceOrientationPortrait UIInterfaceOrientationLandscapeLeft UIInterfaceOrientationLandscapeRight";
				IPHONEOS_DEPLOYMENT_TARGET = 17.0;
				LD_RUNPATH_SEARCH_PATHS = "@executable_path/Frameworks";
				"LD_RUNPATH_SEARCH_PATHS[sdk=macosx*]" = "@executable_path/../Frameworks";
				MACOSX_DEPLOYMENT_TARGET = 13.6;
				MARKETING_VERSION = 1.0;
				PRODUCT_BUNDLE_IDENTIFIER = nandoramz.AIChat;
				PRODUCT_NAME = "$(TARGET_NAME)";
				SDKROOT = auto;
				SUPPORTED_PLATFORMS = "iphoneos iphonesimulator";
				SUPPORTS_MACCATALYST = NO;
				SWIFT_EMIT_LOC_STRINGS = YES;
				SWIFT_VERSION = 5.0;
				TARGETED_DEVICE_FAMILY = "1,2";
			};
			name = Debug;
		};
		ABDD30F52D491BD900A5AB28 /* Release */ = {
			isa = XCBuildConfiguration;
			buildSettings = {
				ASSETCATALOG_COMPILER_APPICON_NAME = AppIcon;
				ASSETCATALOG_COMPILER_GLOBAL_ACCENT_COLOR_NAME = AccentColor;
				CODE_SIGN_ENTITLEMENTS = AIChat/AIChat.entitlements;
				CODE_SIGN_STYLE = Automatic;
				CURRENT_PROJECT_VERSION = 1;
				DEVELOPMENT_ASSET_PATHS = "\"AIChat/Preview Content\"";
				DEVELOPMENT_TEAM = 28NJ2864T2;
				ENABLE_HARDENED_RUNTIME = YES;
				ENABLE_PREVIEWS = YES;
				GENERATE_INFOPLIST_FILE = YES;
				INFOPLIST_KEY_CFBundleDisplayName = "AI Chat";
				"INFOPLIST_KEY_UIApplicationSceneManifest_Generation[sdk=iphoneos*]" = YES;
				"INFOPLIST_KEY_UIApplicationSceneManifest_Generation[sdk=iphonesimulator*]" = YES;
				"INFOPLIST_KEY_UIApplicationSupportsIndirectInputEvents[sdk=iphoneos*]" = YES;
				"INFOPLIST_KEY_UIApplicationSupportsIndirectInputEvents[sdk=iphonesimulator*]" = YES;
				"INFOPLIST_KEY_UILaunchScreen_Generation[sdk=iphoneos*]" = YES;
				"INFOPLIST_KEY_UILaunchScreen_Generation[sdk=iphonesimulator*]" = YES;
				"INFOPLIST_KEY_UIStatusBarStyle[sdk=iphoneos*]" = UIStatusBarStyleDefault;
				"INFOPLIST_KEY_UIStatusBarStyle[sdk=iphonesimulator*]" = UIStatusBarStyleDefault;
				INFOPLIST_KEY_UISupportedInterfaceOrientations_iPad = "UIInterfaceOrientationPortrait UIInterfaceOrientationPortraitUpsideDown UIInterfaceOrientationLandscapeLeft UIInterfaceOrientationLandscapeRight";
				INFOPLIST_KEY_UISupportedInterfaceOrientations_iPhone = "UIInterfaceOrientationPortrait UIInterfaceOrientationLandscapeLeft UIInterfaceOrientationLandscapeRight";
				IPHONEOS_DEPLOYMENT_TARGET = 17.0;
				LD_RUNPATH_SEARCH_PATHS = "@executable_path/Frameworks";
				"LD_RUNPATH_SEARCH_PATHS[sdk=macosx*]" = "@executable_path/../Frameworks";
				MACOSX_DEPLOYMENT_TARGET = 13.6;
				MARKETING_VERSION = 1.0;
				PRODUCT_BUNDLE_IDENTIFIER = nandoramz.AIChat;
				PRODUCT_NAME = "$(TARGET_NAME)";
				SDKROOT = auto;
				SUPPORTED_PLATFORMS = "iphoneos iphonesimulator";
				SUPPORTS_MACCATALYST = NO;
				SWIFT_EMIT_LOC_STRINGS = YES;
				SWIFT_VERSION = 5.0;
				TARGETED_DEVICE_FAMILY = "1,2";
			};
			name = Release;
		};
/* End XCBuildConfiguration section */

/* Begin XCConfigurationList section */
		ABDD30DF2D491BD700A5AB28 /* Build configuration list for PBXProject "AIChat" */ = {
			isa = XCConfigurationList;
			buildConfigurations = (
				ABDD30F12D491BD900A5AB28 /* Debug */,
				ABDD30F22D491BD900A5AB28 /* Release */,
			);
			defaultConfigurationIsVisible = 0;
			defaultConfigurationName = Release;
		};
		ABDD30F32D491BD900A5AB28 /* Build configuration list for PBXNativeTarget "AIChat" */ = {
			isa = XCConfigurationList;
			buildConfigurations = (
				ABDD30F42D491BD900A5AB28 /* Debug */,
				ABDD30F52D491BD900A5AB28 /* Release */,
			);
			defaultConfigurationIsVisible = 0;
			defaultConfigurationName = Release;
		};
/* End XCConfigurationList section */

/* Begin XCRemoteSwiftPackageReference section */
		ABDD31202D49525600A5AB28 /* XCRemoteSwiftPackageReference "SDWebImageSwiftUI" */ = {
			isa = XCRemoteSwiftPackageReference;
			repositoryURL = "https://github.com/SDWebImage/SDWebImageSwiftUI.git";
			requirement = {
				kind = upToNextMajorVersion;
				minimumVersion = 3.1.3;
			};
		};
		ABF6B2862D509AE100B9D27A /* XCRemoteSwiftPackageReference "firebase-ios-sdk" */ = {
			isa = XCRemoteSwiftPackageReference;
			repositoryURL = "https://github.com/firebase/firebase-ios-sdk";
			requirement = {
				kind = upToNextMajorVersion;
				minimumVersion = 11.7.0;
			};
		};
/* End XCRemoteSwiftPackageReference section */

/* Begin XCSwiftPackageProductDependency section */
		ABDD31212D49525600A5AB28 /* SDWebImageSwiftUI */ = {
			isa = XCSwiftPackageProductDependency;
			package = ABDD31202D49525600A5AB28 /* XCRemoteSwiftPackageReference "SDWebImageSwiftUI" */;
			productName = SDWebImageSwiftUI;
		};
		ABF6B2872D509AE100B9D27A /* FirebaseAuth */ = {
			isa = XCSwiftPackageProductDependency;
			package = ABF6B2862D509AE100B9D27A /* XCRemoteSwiftPackageReference "firebase-ios-sdk" */;
			productName = FirebaseAuth;
		};
		ABF6B29D2D53F7C200B9D27A /* FirebaseFirestore */ = {
			isa = XCSwiftPackageProductDependency;
			package = ABF6B2862D509AE100B9D27A /* XCRemoteSwiftPackageReference "firebase-ios-sdk" */;
			productName = FirebaseFirestore;
		};
		ABF6B2C62D554E4700B9D27A /* FirebaseStorage */ = {
			isa = XCSwiftPackageProductDependency;
			package = ABF6B2862D509AE100B9D27A /* XCRemoteSwiftPackageReference "firebase-ios-sdk" */;
			productName = FirebaseStorage;
		};
/* End XCSwiftPackageProductDependency section */
	};
	rootObject = ABDD30DC2D491BD700A5AB28 /* Project object */;
}
