// !$*UTF8*$!
{
	archiveVersion = 1;
	classes = {
	};
	objectVersion = 56;
	objects = {

/* Begin PBXBuildFile section */
		ABDD30E82D491BD700A5AB28 /* AIChatApp.swift in Sources */ = {isa = PBXBuildFile; fileRef = ABDD30E72D491BD700A5AB28 /* AIChatApp.swift */; };
		ABDD30EC2D491BD900A5AB28 /* Assets.xcassets in Resources */ = {isa = PBXBuildFile; fileRef = ABDD30EB2D491BD900A5AB28 /* Assets.xcassets */; };
		ABDD30F02D491BD900A5AB28 /* Preview Assets.xcassets in Resources */ = {isa = PBXBuildFile; fileRef = ABDD30EF2D491BD900A5AB28 /* Preview Assets.xcassets */; };
		ABDD30F72D49235C00A5AB28 /* NOTES.swift in Sources */ = {isa = PBXBuildFile; fileRef = ABDD30F62D49235C00A5AB28 /* NOTES.swift */; };
		ABDD30FD2D492A3B00A5AB28 /* AppView.swift in Sources */ = {isa = PBXBuildFile; fileRef = ABDD30FC2D492A3B00A5AB28 /* AppView.swift */; };
		ABDD30FF2D49315C00A5AB28 /* AppViewBuilder.swift in Sources */ = {isa = PBXBuildFile; fileRef = ABDD30FE2D49315C00A5AB28 /* AppViewBuilder.swift */; };
		ABDD31032D4935D300A5AB28 /* ChatsView.swift in Sources */ = {isa = PBXBuildFile; fileRef = ABDD31022D4935D300A5AB28 /* ChatsView.swift */; };
		ABDD31062D49363500A5AB28 /* ProfileView.swift in Sources */ = {isa = PBXBuildFile; fileRef = ABDD31052D49363500A5AB28 /* ProfileView.swift */; };
		ABDD310A2D49366D00A5AB28 /* TabBarView.swift in Sources */ = {isa = PBXBuildFile; fileRef = ABDD31092D49366D00A5AB28 /* TabBarView.swift */; };
		ABDD310D2D4937FA00A5AB28 /* ExploreView.swift in Sources */ = {isa = PBXBuildFile; fileRef = ABDD310C2D4937FA00A5AB28 /* ExploreView.swift */; };
		ABDD31102D493BC800A5AB28 /* WelcomeView.swift in Sources */ = {isa = PBXBuildFile; fileRef = ABDD310F2D493BC800A5AB28 /* WelcomeView.swift */; };
		ABDD31122D4940DB00A5AB28 /* AppState.swift in Sources */ = {isa = PBXBuildFile; fileRef = ABDD31112D4940DB00A5AB28 /* AppState.swift */; };
		ABDD31172D49455400A5AB28 /* OnboardingCompletedView.swift in Sources */ = {isa = PBXBuildFile; fileRef = ABDD31162D49455400A5AB28 /* OnboardingCompletedView.swift */; };
		ABDD311B2D4945CE00A5AB28 /* MainButtonStyle.swift in Sources */ = {isa = PBXBuildFile; fileRef = ABDD311A2D4945CE00A5AB28 /* MainButtonStyle.swift */; };
		ABDD311E2D494B8C00A5AB28 /* SettingsView.swift in Sources */ = {isa = PBXBuildFile; fileRef = ABDD311D2D494B8C00A5AB28 /* SettingsView.swift */; };
		ABDD31222D49525600A5AB28 /* SDWebImageSwiftUI in Frameworks */ = {isa = PBXBuildFile; productRef = ABDD31212D49525600A5AB28 /* SDWebImageSwiftUI */; };
		ABDD31242D49526800A5AB28 /* ImageLoaderView.swift in Sources */ = {isa = PBXBuildFile; fileRef = ABDD31232D49526800A5AB28 /* ImageLoaderView.swift */; };
		ABDD31272D4954F500A5AB28 /* Constants.swift in Sources */ = {isa = PBXBuildFile; fileRef = ABDD31262D4954F500A5AB28 /* Constants.swift */; };
		ABDD312A2D497F9500A5AB28 /* OnboardingIntroView.swift in Sources */ = {isa = PBXBuildFile; fileRef = ABDD31292D497F9500A5AB28 /* OnboardingIntroView.swift */; };
		ABDD312D2D4983C600A5AB28 /* OnboardingColorView.swift in Sources */ = {isa = PBXBuildFile; fileRef = ABDD312C2D4983C600A5AB28 /* OnboardingColorView.swift */; };
		ABDD31302D4A79A000A5AB28 /* HeroCell.swift in Sources */ = {isa = PBXBuildFile; fileRef = ABDD312F2D4A79A000A5AB28 /* HeroCell.swift */; };
		ABDD31372D4A818800A5AB28 /* CharacterOption.swift in Sources */ = {isa = PBXBuildFile; fileRef = ABDD31362D4A818800A5AB28 /* CharacterOption.swift */; };
		ABDD31392D4A821700A5AB28 /* CharacterAction.swift in Sources */ = {isa = PBXBuildFile; fileRef = ABDD31382D4A821700A5AB28 /* CharacterAction.swift */; };
		ABDD313B2D4A824F00A5AB28 /* CharacterLocation.swift in Sources */ = {isa = PBXBuildFile; fileRef = ABDD313A2D4A824F00A5AB28 /* CharacterLocation.swift */; };
		ABDD313D2D4A828900A5AB28 /* AvatarModel.swift in Sources */ = {isa = PBXBuildFile; fileRef = ABDD313C2D4A828900A5AB28 /* AvatarModel.swift */; };
		ABDD31402D4A8CC700A5AB28 /* CarouselView.swift in Sources */ = {isa = PBXBuildFile; fileRef = ABDD313F2D4A8CC700A5AB28 /* CarouselView.swift */; };
		ABDD31422D4A9E4900A5AB28 /* ListTitleView.swift in Sources */ = {isa = PBXBuildFile; fileRef = ABDD31412D4A9E4900A5AB28 /* ListTitleView.swift */; };
		ABDD31442D4AA16500A5AB28 /* CategoryCell.swift in Sources */ = {isa = PBXBuildFile; fileRef = ABDD31432D4AA16500A5AB28 /* CategoryCell.swift */; };
		ABDD31462D4AA4A900A5AB28 /* ImageTextGradientStyle.swift in Sources */ = {isa = PBXBuildFile; fileRef = ABDD31452D4AA4A900A5AB28 /* ImageTextGradientStyle.swift */; };
		ABDD31492D4AC09400A5AB28 /* PopularCell.swift in Sources */ = {isa = PBXBuildFile; fileRef = ABDD31482D4AC09400A5AB28 /* PopularCell.swift */; };
		ABDD314F2D4ACD3C00A5AB28 /* ButtonScaleEffectStyle.swift in Sources */ = {isa = PBXBuildFile; fileRef = ABDD314E2D4ACD3C00A5AB28 /* ButtonScaleEffectStyle.swift */; };
/* End PBXBuildFile section */

/* Begin PBXFileReference section */
		ABDD30E42D491BD700A5AB28 /* AIChat.app */ = {isa = PBXFileReference; explicitFileType = wrapper.application; includeInIndex = 0; path = AIChat.app; sourceTree = BUILT_PRODUCTS_DIR; };
		ABDD30E72D491BD700A5AB28 /* AIChatApp.swift */ = {isa = PBXFileReference; lastKnownFileType = sourcecode.swift; path = AIChatApp.swift; sourceTree = "<group>"; };
		ABDD30EB2D491BD900A5AB28 /* Assets.xcassets */ = {isa = PBXFileReference; lastKnownFileType = folder.assetcatalog; path = Assets.xcassets; sourceTree = "<group>"; };
		ABDD30ED2D491BD900A5AB28 /* AIChat.entitlements */ = {isa = PBXFileReference; lastKnownFileType = text.plist.entitlements; path = AIChat.entitlements; sourceTree = "<group>"; };
		ABDD30EF2D491BD900A5AB28 /* Preview Assets.xcassets */ = {isa = PBXFileReference; lastKnownFileType = folder.assetcatalog; path = "Preview Assets.xcassets"; sourceTree = "<group>"; };
		ABDD30F62D49235C00A5AB28 /* NOTES.swift */ = {isa = PBXFileReference; lastKnownFileType = sourcecode.swift; path = NOTES.swift; sourceTree = "<group>"; };
		ABDD30FC2D492A3B00A5AB28 /* AppView.swift */ = {isa = PBXFileReference; lastKnownFileType = sourcecode.swift; path = AppView.swift; sourceTree = "<group>"; };
		ABDD30FE2D49315C00A5AB28 /* AppViewBuilder.swift */ = {isa = PBXFileReference; lastKnownFileType = sourcecode.swift; path = AppViewBuilder.swift; sourceTree = "<group>"; };
		ABDD31022D4935D300A5AB28 /* ChatsView.swift */ = {isa = PBXFileReference; lastKnownFileType = sourcecode.swift; path = ChatsView.swift; sourceTree = "<group>"; };
		ABDD31052D49363500A5AB28 /* ProfileView.swift */ = {isa = PBXFileReference; lastKnownFileType = sourcecode.swift; path = ProfileView.swift; sourceTree = "<group>"; };
		ABDD31092D49366D00A5AB28 /* TabBarView.swift */ = {isa = PBXFileReference; lastKnownFileType = sourcecode.swift; path = TabBarView.swift; sourceTree = "<group>"; };
		ABDD310C2D4937FA00A5AB28 /* ExploreView.swift */ = {isa = PBXFileReference; lastKnownFileType = sourcecode.swift; path = ExploreView.swift; sourceTree = "<group>"; };
		ABDD310F2D493BC800A5AB28 /* WelcomeView.swift */ = {isa = PBXFileReference; lastKnownFileType = sourcecode.swift; path = WelcomeView.swift; sourceTree = "<group>"; };
		ABDD31112D4940DB00A5AB28 /* AppState.swift */ = {isa = PBXFileReference; lastKnownFileType = sourcecode.swift; path = AppState.swift; sourceTree = "<group>"; };
		ABDD31162D49455400A5AB28 /* OnboardingCompletedView.swift */ = {isa = PBXFileReference; lastKnownFileType = sourcecode.swift; path = OnboardingCompletedView.swift; sourceTree = "<group>"; };
		ABDD311A2D4945CE00A5AB28 /* MainButtonStyle.swift */ = {isa = PBXFileReference; lastKnownFileType = sourcecode.swift; path = MainButtonStyle.swift; sourceTree = "<group>"; };
		ABDD311D2D494B8C00A5AB28 /* SettingsView.swift */ = {isa = PBXFileReference; lastKnownFileType = sourcecode.swift; path = SettingsView.swift; sourceTree = "<group>"; };
		ABDD31232D49526800A5AB28 /* ImageLoaderView.swift */ = {isa = PBXFileReference; lastKnownFileType = sourcecode.swift; path = ImageLoaderView.swift; sourceTree = "<group>"; };
		ABDD31262D4954F500A5AB28 /* Constants.swift */ = {isa = PBXFileReference; lastKnownFileType = sourcecode.swift; path = Constants.swift; sourceTree = "<group>"; };
		ABDD31292D497F9500A5AB28 /* OnboardingIntroView.swift */ = {isa = PBXFileReference; lastKnownFileType = sourcecode.swift; path = OnboardingIntroView.swift; sourceTree = "<group>"; };
		ABDD312C2D4983C600A5AB28 /* OnboardingColorView.swift */ = {isa = PBXFileReference; lastKnownFileType = sourcecode.swift; path = OnboardingColorView.swift; sourceTree = "<group>"; };
		ABDD312F2D4A79A000A5AB28 /* HeroCell.swift */ = {isa = PBXFileReference; lastKnownFileType = sourcecode.swift; path = HeroCell.swift; sourceTree = "<group>"; };
		ABDD31362D4A818800A5AB28 /* CharacterOption.swift */ = {isa = PBXFileReference; lastKnownFileType = sourcecode.swift; path = CharacterOption.swift; sourceTree = "<group>"; };
		ABDD31382D4A821700A5AB28 /* CharacterAction.swift */ = {isa = PBXFileReference; lastKnownFileType = sourcecode.swift; path = CharacterAction.swift; sourceTree = "<group>"; };
		ABDD313A2D4A824F00A5AB28 /* CharacterLocation.swift */ = {isa = PBXFileReference; lastKnownFileType = sourcecode.swift; path = CharacterLocation.swift; sourceTree = "<group>"; };
		ABDD313C2D4A828900A5AB28 /* AvatarModel.swift */ = {isa = PBXFileReference; lastKnownFileType = sourcecode.swift; path = AvatarModel.swift; sourceTree = "<group>"; };
		ABDD313F2D4A8CC700A5AB28 /* CarouselView.swift */ = {isa = PBXFileReference; lastKnownFileType = sourcecode.swift; path = CarouselView.swift; sourceTree = "<group>"; };
		ABDD31412D4A9E4900A5AB28 /* ListTitleView.swift */ = {isa = PBXFileReference; lastKnownFileType = sourcecode.swift; path = ListTitleView.swift; sourceTree = "<group>"; };
		ABDD31432D4AA16500A5AB28 /* CategoryCell.swift */ = {isa = PBXFileReference; lastKnownFileType = sourcecode.swift; path = CategoryCell.swift; sourceTree = "<group>"; };
		ABDD31452D4AA4A900A5AB28 /* ImageTextGradientStyle.swift */ = {isa = PBXFileReference; lastKnownFileType = sourcecode.swift; path = ImageTextGradientStyle.swift; sourceTree = "<group>"; };
		ABDD31482D4AC09400A5AB28 /* PopularCell.swift */ = {isa = PBXFileReference; lastKnownFileType = sourcecode.swift; path = PopularCell.swift; sourceTree = "<group>"; };
		ABDD314E2D4ACD3C00A5AB28 /* ButtonScaleEffectStyle.swift */ = {isa = PBXFileReference; lastKnownFileType = sourcecode.swift; path = ButtonScaleEffectStyle.swift; sourceTree = "<group>"; };
/* End PBXFileReference section */

/* Begin PBXFrameworksBuildPhase section */
		ABDD30E12D491BD700A5AB28 /* Frameworks */ = {
			isa = PBXFrameworksBuildPhase;
			buildActionMask = 2147483647;
			files = (
				ABDD31222D49525600A5AB28 /* SDWebImageSwiftUI in Frameworks */,
			);
			runOnlyForDeploymentPostprocessing = 0;
		};
/* End PBXFrameworksBuildPhase section */

/* Begin PBXGroup section */
		ABDD30DB2D491BD700A5AB28 = {
			isa = PBXGroup;
			children = (
				ABDD30E62D491BD700A5AB28 /* AIChat */,
				ABDD30E52D491BD700A5AB28 /* Products */,
			);
			sourceTree = "<group>";
		};
		ABDD30E52D491BD700A5AB28 /* Products */ = {
			isa = PBXGroup;
			children = (
				ABDD30E42D491BD700A5AB28 /* AIChat.app */,
			);
			name = Products;
			sourceTree = "<group>";
		};
		ABDD30E62D491BD700A5AB28 /* AIChat */ = {
			isa = PBXGroup;
			children = (
				ABDD31312D4A80F600A5AB28 /* Services */,
				ABDD31252D4954E300A5AB28 /* Utilities */,
				ABDD311F2D4951F000A5AB28 /* Components */,
				ABDD31182D4945A300A5AB28 /* Styles */,
				ABDD30FA2D49294A00A5AB28 /* Core */,
				ABDD30E72D491BD700A5AB28 /* AIChatApp.swift */,
				ABDD30EB2D491BD900A5AB28 /* Assets.xcassets */,
				ABDD30ED2D491BD900A5AB28 /* AIChat.entitlements */,
				ABDD30EE2D491BD900A5AB28 /* Preview Content */,
				ABDD30F62D49235C00A5AB28 /* NOTES.swift */,
			);
			path = AIChat;
			sourceTree = "<group>";
		};
		ABDD30EE2D491BD900A5AB28 /* Preview Content */ = {
			isa = PBXGroup;
			children = (
				ABDD30EF2D491BD900A5AB28 /* Preview Assets.xcassets */,
			);
			path = "Preview Content";
			sourceTree = "<group>";
		};
		ABDD30FA2D49294A00A5AB28 /* Core */ = {
			isa = PBXGroup;
			children = (
				ABDD30FB2D49297900A5AB28 /* AppView */,
				ABDD311C2D494B7700A5AB28 /* Settings */,
				ABDD31132D49438200A5AB28 /* Onboarding */,
				ABDD310E2D493B8D00A5AB28 /* Welcome */,
				ABDD31082D49365E00A5AB28 /* TabBar */,
				ABDD31072D49364400A5AB28 /* Explore */,
				ABDD31042D49362300A5AB28 /* Profile */,
				ABDD31012D4935B400A5AB28 /* Chats */,
			);
			path = Core;
			sourceTree = "<group>";
		};
		ABDD30FB2D49297900A5AB28 /* AppView */ = {
			isa = PBXGroup;
			children = (
				ABDD30FC2D492A3B00A5AB28 /* AppView.swift */,
				ABDD30FE2D49315C00A5AB28 /* AppViewBuilder.swift */,
				ABDD31112D4940DB00A5AB28 /* AppState.swift */,
			);
			path = AppView;
			sourceTree = "<group>";
		};
		ABDD31012D4935B400A5AB28 /* Chats */ = {
			isa = PBXGroup;
			children = (
				ABDD31022D4935D300A5AB28 /* ChatsView.swift */,
			);
			path = Chats;
			sourceTree = "<group>";
		};
		ABDD31042D49362300A5AB28 /* Profile */ = {
			isa = PBXGroup;
			children = (
				ABDD31052D49363500A5AB28 /* ProfileView.swift */,
			);
			path = Profile;
			sourceTree = "<group>";
		};
		ABDD31072D49364400A5AB28 /* Explore */ = {
			isa = PBXGroup;
			children = (
				ABDD310C2D4937FA00A5AB28 /* ExploreView.swift */,
			);
			path = Explore;
			sourceTree = "<group>";
		};
		ABDD31082D49365E00A5AB28 /* TabBar */ = {
			isa = PBXGroup;
			children = (
				ABDD31092D49366D00A5AB28 /* TabBarView.swift */,
			);
			path = TabBar;
			sourceTree = "<group>";
		};
		ABDD310E2D493B8D00A5AB28 /* Welcome */ = {
			isa = PBXGroup;
			children = (
				ABDD310F2D493BC800A5AB28 /* WelcomeView.swift */,
			);
			path = Welcome;
			sourceTree = "<group>";
		};
		ABDD31132D49438200A5AB28 /* Onboarding */ = {
			isa = PBXGroup;
			children = (
				ABDD31282D497F7500A5AB28 /* IntroView */,
				ABDD312B2D4983B000A5AB28 /* ColorView */,
				ABDD31152D4944D700A5AB28 /* CompletedView */,
			);
			path = Onboarding;
			sourceTree = "<group>";
		};
		ABDD31152D4944D700A5AB28 /* CompletedView */ = {
			isa = PBXGroup;
			children = (
				ABDD31162D49455400A5AB28 /* OnboardingCompletedView.swift */,
			);
			path = CompletedView;
			sourceTree = "<group>";
		};
		ABDD31182D4945A300A5AB28 /* Styles */ = {
			isa = PBXGroup;
			children = (
				ABDD311A2D4945CE00A5AB28 /* MainButtonStyle.swift */,
				ABDD31452D4AA4A900A5AB28 /* ImageTextGradientStyle.swift */,
				ABDD314E2D4ACD3C00A5AB28 /* ButtonScaleEffectStyle.swift */,
			);
			path = Styles;
			sourceTree = "<group>";
		};
		ABDD311C2D494B7700A5AB28 /* Settings */ = {
			isa = PBXGroup;
			children = (
				ABDD311D2D494B8C00A5AB28 /* SettingsView.swift */,
			);
			path = Settings;
			sourceTree = "<group>";
		};
		ABDD311F2D4951F000A5AB28 /* Components */ = {
			isa = PBXGroup;
			children = (
				ABDD313E2D4A8C9C00A5AB28 /* Views */,
				ABDD312E2D4A795C00A5AB28 /* Cells */,
			);
			path = Components;
			sourceTree = "<group>";
		};
		ABDD31252D4954E300A5AB28 /* Utilities */ = {
			isa = PBXGroup;
			children = (
				ABDD31262D4954F500A5AB28 /* Constants.swift */,
			);
			path = Utilities;
			sourceTree = "<group>";
		};
		ABDD31282D497F7500A5AB28 /* IntroView */ = {
			isa = PBXGroup;
			children = (
				ABDD31292D497F9500A5AB28 /* OnboardingIntroView.swift */,
			);
			path = IntroView;
			sourceTree = "<group>";
		};
		ABDD312B2D4983B000A5AB28 /* ColorView */ = {
			isa = PBXGroup;
			children = (
				ABDD312C2D4983C600A5AB28 /* OnboardingColorView.swift */,
			);
			path = ColorView;
			sourceTree = "<group>";
		};
		ABDD312E2D4A795C00A5AB28 /* Cells */ = {
			isa = PBXGroup;
			children = (
				ABDD312F2D4A79A000A5AB28 /* HeroCell.swift */,
				ABDD31432D4AA16500A5AB28 /* CategoryCell.swift */,
				ABDD31482D4AC09400A5AB28 /* PopularCell.swift */,
			);
			path = Cells;
			sourceTree = "<group>";
		};
		ABDD31312D4A80F600A5AB28 /* Services */ = {
			isa = PBXGroup;
			children = (
				ABDD31322D4A810300A5AB28 /* Avatar */,
			);
			path = Services;
			sourceTree = "<group>";
		};
		ABDD31322D4A810300A5AB28 /* Avatar */ = {
			isa = PBXGroup;
			children = (
				ABDD31352D4A812400A5AB28 /* Enums */,
				ABDD31342D4A811C00A5AB28 /* Models */,
			);
			path = Avatar;
			sourceTree = "<group>";
		};
		ABDD31342D4A811C00A5AB28 /* Models */ = {
			isa = PBXGroup;
			children = (
				ABDD313C2D4A828900A5AB28 /* AvatarModel.swift */,
			);
			path = Models;
			sourceTree = "<group>";
		};
		ABDD31352D4A812400A5AB28 /* Enums */ = {
			isa = PBXGroup;
			children = (
				ABDD31362D4A818800A5AB28 /* CharacterOption.swift */,
				ABDD31382D4A821700A5AB28 /* CharacterAction.swift */,
				ABDD313A2D4A824F00A5AB28 /* CharacterLocation.swift */,
			);
			path = Enums;
			sourceTree = "<group>";
		};
		ABDD313E2D4A8C9C00A5AB28 /* Views */ = {
			isa = PBXGroup;
			children = (
				ABDD31232D49526800A5AB28 /* ImageLoaderView.swift */,
				ABDD313F2D4A8CC700A5AB28 /* CarouselView.swift */,
				ABDD31412D4A9E4900A5AB28 /* ListTitleView.swift */,
			);
			path = Views;
			sourceTree = "<group>";
		};
/* End PBXGroup section */

/* Begin PBXNativeTarget section */
		ABDD30E32D491BD700A5AB28 /* AIChat */ = {
			isa = PBXNativeTarget;
			buildConfigurationList = ABDD30F32D491BD900A5AB28 /* Build configuration list for PBXNativeTarget "AIChat" */;
			buildPhases = (
				ABDD30E02D491BD700A5AB28 /* Sources */,
				ABDD30E12D491BD700A5AB28 /* Frameworks */,
				ABDD30E22D491BD700A5AB28 /* Resources */,
			);
			buildRules = (
			);
			dependencies = (
			);
			name = AIChat;
			packageProductDependencies = (
				ABDD31212D49525600A5AB28 /* SDWebImageSwiftUI */,
			);
			productName = AIChat;
			productReference = ABDD30E42D491BD700A5AB28 /* AIChat.app */;
			productType = "com.apple.product-type.application";
		};
/* End PBXNativeTarget section */

/* Begin PBXProject section */
		ABDD30DC2D491BD700A5AB28 /* Project object */ = {
			isa = PBXProject;
			attributes = {
				BuildIndependentTargetsInParallel = 1;
				LastSwiftUpdateCheck = 1520;
				LastUpgradeCheck = 1520;
				TargetAttributes = {
					ABDD30E32D491BD700A5AB28 = {
						CreatedOnToolsVersion = 15.2;
					};
				};
			};
			buildConfigurationList = ABDD30DF2D491BD700A5AB28 /* Build configuration list for PBXProject "AIChat" */;
			compatibilityVersion = "Xcode 14.0";
			developmentRegion = en;
			hasScannedForEncodings = 0;
			knownRegions = (
				en,
				Base,
			);
			mainGroup = ABDD30DB2D491BD700A5AB28;
			packageReferences = (
				ABDD31202D49525600A5AB28 /* XCRemoteSwiftPackageReference "SDWebImageSwiftUI" */,
			);
			productRefGroup = ABDD30E52D491BD700A5AB28 /* Products */;
			projectDirPath = "";
			projectRoot = "";
			targets = (
				ABDD30E32D491BD700A5AB28 /* AIChat */,
			);
		};
/* End PBXProject section */

/* Begin PBXResourcesBuildPhase section */
		ABDD30E22D491BD700A5AB28 /* Resources */ = {
			isa = PBXResourcesBuildPhase;
			buildActionMask = 2147483647;
			files = (
				ABDD30F02D491BD900A5AB28 /* Preview Assets.xcassets in Resources */,
				ABDD30EC2D491BD900A5AB28 /* Assets.xcassets in Resources */,
			);
			runOnlyForDeploymentPostprocessing = 0;
		};
/* End PBXResourcesBuildPhase section */

/* Begin PBXSourcesBuildPhase section */
		ABDD30E02D491BD700A5AB28 /* Sources */ = {
			isa = PBXSourcesBuildPhase;
			buildActionMask = 2147483647;
			files = (
				ABDD31032D4935D300A5AB28 /* ChatsView.swift in Sources */,
				ABDD310D2D4937FA00A5AB28 /* ExploreView.swift in Sources */,
				ABDD311B2D4945CE00A5AB28 /* MainButtonStyle.swift in Sources */,
				ABDD30FF2D49315C00A5AB28 /* AppViewBuilder.swift in Sources */,
				ABDD31462D4AA4A900A5AB28 /* ImageTextGradientStyle.swift in Sources */,
				ABDD31442D4AA16500A5AB28 /* CategoryCell.swift in Sources */,
				ABDD31492D4AC09400A5AB28 /* PopularCell.swift in Sources */,
				ABDD310A2D49366D00A5AB28 /* TabBarView.swift in Sources */,
				ABDD31372D4A818800A5AB28 /* CharacterOption.swift in Sources */,
				ABDD31272D4954F500A5AB28 /* Constants.swift in Sources */,
				ABDD31422D4A9E4900A5AB28 /* ListTitleView.swift in Sources */,
				ABDD31392D4A821700A5AB28 /* CharacterAction.swift in Sources */,
				ABDD30FD2D492A3B00A5AB28 /* AppView.swift in Sources */,
				ABDD31102D493BC800A5AB28 /* WelcomeView.swift in Sources */,
				ABDD311E2D494B8C00A5AB28 /* SettingsView.swift in Sources */,
				ABDD314F2D4ACD3C00A5AB28 /* ButtonScaleEffectStyle.swift in Sources */,
				ABDD31302D4A79A000A5AB28 /* HeroCell.swift in Sources */,
				ABDD313D2D4A828900A5AB28 /* AvatarModel.swift in Sources */,
				ABDD31122D4940DB00A5AB28 /* AppState.swift in Sources */,
				ABDD313B2D4A824F00A5AB28 /* CharacterLocation.swift in Sources */,
				ABDD31242D49526800A5AB28 /* ImageLoaderView.swift in Sources */,
				ABDD312D2D4983C600A5AB28 /* OnboardingColorView.swift in Sources */,
				ABDD30F72D49235C00A5AB28 /* NOTES.swift in Sources */,
				ABDD31062D49363500A5AB28 /* ProfileView.swift in Sources */,
				ABDD30E82D491BD700A5AB28 /* AIChatApp.swift in Sources */,
				ABDD312A2D497F9500A5AB28 /* OnboardingIntroView.swift in Sources */,
				ABDD31172D49455400A5AB28 /* OnboardingCompletedView.swift in Sources */,
				ABDD31402D4A8CC700A5AB28 /* CarouselView.swift in Sources */,
			);
			runOnlyForDeploymentPostprocessing = 0;
		};
/* End PBXSourcesBuildPhase section */

/* Begin XCBuildConfiguration section */
		ABDD30F12D491BD900A5AB28 /* Debug */ = {
			isa = XCBuildConfiguration;
			buildSettings = {
				ALWAYS_SEARCH_USER_PATHS = NO;
				ASSETCATALOG_COMPILER_GENERATE_SWIFT_ASSET_SYMBOL_EXTENSIONS = YES;
				CLANG_ANALYZER_NONNULL = YES;
				CLANG_ANALYZER_NUMBER_OBJECT_CONVERSION = YES_AGGRESSIVE;
				CLANG_CXX_LANGUAGE_STANDARD = "gnu++20";
				CLANG_ENABLE_MODULES = YES;
				CLANG_ENABLE_OBJC_ARC = YES;
				CLANG_ENABLE_OBJC_WEAK = YES;
				CLANG_WARN_BLOCK_CAPTURE_AUTORELEASING = YES;
				CLANG_WARN_BOOL_CONVERSION = YES;
				CLANG_WARN_COMMA = YES;
				CLANG_WARN_CONSTANT_CONVERSION = YES;
				CLANG_WARN_DEPRECATED_OBJC_IMPLEMENTATIONS = YES;
				CLANG_WARN_DIRECT_OBJC_ISA_USAGE = YES_ERROR;
				CLANG_WARN_DOCUMENTATION_COMMENTS = YES;
				CLANG_WARN_EMPTY_BODY = YES;
				CLANG_WARN_ENUM_CONVERSION = YES;
				CLANG_WARN_INFINITE_RECURSION = YES;
				CLANG_WARN_INT_CONVERSION = YES;
				CLANG_WARN_NON_LITERAL_NULL_CONVERSION = YES;
				CLANG_WARN_OBJC_IMPLICIT_RETAIN_SELF = YES;
				CLANG_WARN_OBJC_LITERAL_CONVERSION = YES;
				CLANG_WARN_OBJC_ROOT_CLASS = YES_ERROR;
				CLANG_WARN_QUOTED_INCLUDE_IN_FRAMEWORK_HEADER = YES;
				CLANG_WARN_RANGE_LOOP_ANALYSIS = YES;
				CLANG_WARN_STRICT_PROTOTYPES = YES;
				CLANG_WARN_SUSPICIOUS_MOVE = YES;
				CLANG_WARN_UNGUARDED_AVAILABILITY = YES_AGGRESSIVE;
				CLANG_WARN_UNREACHABLE_CODE = YES;
				CLANG_WARN__DUPLICATE_METHOD_MATCH = YES;
				COPY_PHASE_STRIP = NO;
				DEBUG_INFORMATION_FORMAT = dwarf;
				ENABLE_STRICT_OBJC_MSGSEND = YES;
				ENABLE_TESTABILITY = YES;
				ENABLE_USER_SCRIPT_SANDBOXING = YES;
				GCC_C_LANGUAGE_STANDARD = gnu17;
				GCC_DYNAMIC_NO_PIC = NO;
				GCC_NO_COMMON_BLOCKS = YES;
				GCC_OPTIMIZATION_LEVEL = 0;
				GCC_PREPROCESSOR_DEFINITIONS = (
					"DEBUG=1",
					"$(inherited)",
				);
				GCC_WARN_64_TO_32_BIT_CONVERSION = YES;
				GCC_WARN_ABOUT_RETURN_TYPE = YES_ERROR;
				GCC_WARN_UNDECLARED_SELECTOR = YES;
				GCC_WARN_UNINITIALIZED_AUTOS = YES_AGGRESSIVE;
				GCC_WARN_UNUSED_FUNCTION = YES;
				GCC_WARN_UNUSED_VARIABLE = YES;
				LOCALIZATION_PREFERS_STRING_CATALOGS = YES;
				MTL_ENABLE_DEBUG_INFO = INCLUDE_SOURCE;
				MTL_FAST_MATH = YES;
				ONLY_ACTIVE_ARCH = YES;
				SWIFT_ACTIVE_COMPILATION_CONDITIONS = "DEBUG $(inherited)";
				SWIFT_OPTIMIZATION_LEVEL = "-Onone";
			};
			name = Debug;
		};
		ABDD30F22D491BD900A5AB28 /* Release */ = {
			isa = XCBuildConfiguration;
			buildSettings = {
				ALWAYS_SEARCH_USER_PATHS = NO;
				ASSETCATALOG_COMPILER_GENERATE_SWIFT_ASSET_SYMBOL_EXTENSIONS = YES;
				CLANG_ANALYZER_NONNULL = YES;
				CLANG_ANALYZER_NUMBER_OBJECT_CONVERSION = YES_AGGRESSIVE;
				CLANG_CXX_LANGUAGE_STANDARD = "gnu++20";
				CLANG_ENABLE_MODULES = YES;
				CLANG_ENABLE_OBJC_ARC = YES;
				CLANG_ENABLE_OBJC_WEAK = YES;
				CLANG_WARN_BLOCK_CAPTURE_AUTORELEASING = YES;
				CLANG_WARN_BOOL_CONVERSION = YES;
				CLANG_WARN_COMMA = YES;
				CLANG_WARN_CONSTANT_CONVERSION = YES;
				CLANG_WARN_DEPRECATED_OBJC_IMPLEMENTATIONS = YES;
				CLANG_WARN_DIRECT_OBJC_ISA_USAGE = YES_ERROR;
				CLANG_WARN_DOCUMENTATION_COMMENTS = YES;
				CLANG_WARN_EMPTY_BODY = YES;
				CLANG_WARN_ENUM_CONVERSION = YES;
				CLANG_WARN_INFINITE_RECURSION = YES;
				CLANG_WARN_INT_CONVERSION = YES;
				CLANG_WARN_NON_LITERAL_NULL_CONVERSION = YES;
				CLANG_WARN_OBJC_IMPLICIT_RETAIN_SELF = YES;
				CLANG_WARN_OBJC_LITERAL_CONVERSION = YES;
				CLANG_WARN_OBJC_ROOT_CLASS = YES_ERROR;
				CLANG_WARN_QUOTED_INCLUDE_IN_FRAMEWORK_HEADER = YES;
				CLANG_WARN_RANGE_LOOP_ANALYSIS = YES;
				CLANG_WARN_STRICT_PROTOTYPES = YES;
				CLANG_WARN_SUSPICIOUS_MOVE = YES;
				CLANG_WARN_UNGUARDED_AVAILABILITY = YES_AGGRESSIVE;
				CLANG_WARN_UNREACHABLE_CODE = YES;
				CLANG_WARN__DUPLICATE_METHOD_MATCH = YES;
				COPY_PHASE_STRIP = NO;
				DEBUG_INFORMATION_FORMAT = "dwarf-with-dsym";
				ENABLE_NS_ASSERTIONS = NO;
				ENABLE_STRICT_OBJC_MSGSEND = YES;
				ENABLE_USER_SCRIPT_SANDBOXING = YES;
				GCC_C_LANGUAGE_STANDARD = gnu17;
				GCC_NO_COMMON_BLOCKS = YES;
				GCC_WARN_64_TO_32_BIT_CONVERSION = YES;
				GCC_WARN_ABOUT_RETURN_TYPE = YES_ERROR;
				GCC_WARN_UNDECLARED_SELECTOR = YES;
				GCC_WARN_UNINITIALIZED_AUTOS = YES_AGGRESSIVE;
				GCC_WARN_UNUSED_FUNCTION = YES;
				GCC_WARN_UNUSED_VARIABLE = YES;
				LOCALIZATION_PREFERS_STRING_CATALOGS = YES;
				MTL_ENABLE_DEBUG_INFO = NO;
				MTL_FAST_MATH = YES;
				SWIFT_COMPILATION_MODE = wholemodule;
			};
			name = Release;
		};
		ABDD30F42D491BD900A5AB28 /* Debug */ = {
			isa = XCBuildConfiguration;
			buildSettings = {
				ASSETCATALOG_COMPILER_APPICON_NAME = AppIcon;
				ASSETCATALOG_COMPILER_GLOBAL_ACCENT_COLOR_NAME = AccentColor;
				CODE_SIGN_ENTITLEMENTS = AIChat/AIChat.entitlements;
				CODE_SIGN_STYLE = Automatic;
				CURRENT_PROJECT_VERSION = 1;
				DEVELOPMENT_ASSET_PATHS = "\"AIChat/Preview Content\"";
				DEVELOPMENT_TEAM = 28NJ2864T2;
				ENABLE_HARDENED_RUNTIME = YES;
				ENABLE_PREVIEWS = YES;
				GENERATE_INFOPLIST_FILE = YES;
				INFOPLIST_KEY_CFBundleDisplayName = "AI Chat";
				"INFOPLIST_KEY_UIApplicationSceneManifest_Generation[sdk=iphoneos*]" = YES;
				"INFOPLIST_KEY_UIApplicationSceneManifest_Generation[sdk=iphonesimulator*]" = YES;
				"INFOPLIST_KEY_UIApplicationSupportsIndirectInputEvents[sdk=iphoneos*]" = YES;
				"INFOPLIST_KEY_UIApplicationSupportsIndirectInputEvents[sdk=iphonesimulator*]" = YES;
				"INFOPLIST_KEY_UILaunchScreen_Generation[sdk=iphoneos*]" = YES;
				"INFOPLIST_KEY_UILaunchScreen_Generation[sdk=iphonesimulator*]" = YES;
				"INFOPLIST_KEY_UIStatusBarStyle[sdk=iphoneos*]" = UIStatusBarStyleDefault;
				"INFOPLIST_KEY_UIStatusBarStyle[sdk=iphonesimulator*]" = UIStatusBarStyleDefault;
				INFOPLIST_KEY_UISupportedInterfaceOrientations_iPad = "UIInterfaceOrientationPortrait UIInterfaceOrientationPortraitUpsideDown UIInterfaceOrientationLandscapeLeft UIInterfaceOrientationLandscapeRight";
				INFOPLIST_KEY_UISupportedInterfaceOrientations_iPhone = "UIInterfaceOrientationPortrait UIInterfaceOrientationLandscapeLeft UIInterfaceOrientationLandscapeRight";
				IPHONEOS_DEPLOYMENT_TARGET = 17.0;
				LD_RUNPATH_SEARCH_PATHS = "@executable_path/Frameworks";
				"LD_RUNPATH_SEARCH_PATHS[sdk=macosx*]" = "@executable_path/../Frameworks";
				MACOSX_DEPLOYMENT_TARGET = 13.6;
				MARKETING_VERSION = 1.0;
				PRODUCT_BUNDLE_IDENTIFIER = nandoramz.AIChat;
				PRODUCT_NAME = "$(TARGET_NAME)";
				SDKROOT = auto;
				SUPPORTED_PLATFORMS = "iphoneos iphonesimulator";
				SUPPORTS_MACCATALYST = NO;
				SWIFT_EMIT_LOC_STRINGS = YES;
				SWIFT_VERSION = 5.0;
				TARGETED_DEVICE_FAMILY = "1,2";
			};
			name = Debug;
		};
		ABDD30F52D491BD900A5AB28 /* Release */ = {
			isa = XCBuildConfiguration;
			buildSettings = {
				ASSETCATALOG_COMPILER_APPICON_NAME = AppIcon;
				ASSETCATALOG_COMPILER_GLOBAL_ACCENT_COLOR_NAME = AccentColor;
				CODE_SIGN_ENTITLEMENTS = AIChat/AIChat.entitlements;
				CODE_SIGN_STYLE = Automatic;
				CURRENT_PROJECT_VERSION = 1;
				DEVELOPMENT_ASSET_PATHS = "\"AIChat/Preview Content\"";
				DEVELOPMENT_TEAM = 28NJ2864T2;
				ENABLE_HARDENED_RUNTIME = YES;
				ENABLE_PREVIEWS = YES;
				GENERATE_INFOPLIST_FILE = YES;
				INFOPLIST_KEY_CFBundleDisplayName = "AI Chat";
				"INFOPLIST_KEY_UIApplicationSceneManifest_Generation[sdk=iphoneos*]" = YES;
				"INFOPLIST_KEY_UIApplicationSceneManifest_Generation[sdk=iphonesimulator*]" = YES;
				"INFOPLIST_KEY_UIApplicationSupportsIndirectInputEvents[sdk=iphoneos*]" = YES;
				"INFOPLIST_KEY_UIApplicationSupportsIndirectInputEvents[sdk=iphonesimulator*]" = YES;
				"INFOPLIST_KEY_UILaunchScreen_Generation[sdk=iphoneos*]" = YES;
				"INFOPLIST_KEY_UILaunchScreen_Generation[sdk=iphonesimulator*]" = YES;
				"INFOPLIST_KEY_UIStatusBarStyle[sdk=iphoneos*]" = UIStatusBarStyleDefault;
				"INFOPLIST_KEY_UIStatusBarStyle[sdk=iphonesimulator*]" = UIStatusBarStyleDefault;
				INFOPLIST_KEY_UISupportedInterfaceOrientations_iPad = "UIInterfaceOrientationPortrait UIInterfaceOrientationPortraitUpsideDown UIInterfaceOrientationLandscapeLeft UIInterfaceOrientationLandscapeRight";
				INFOPLIST_KEY_UISupportedInterfaceOrientations_iPhone = "UIInterfaceOrientationPortrait UIInterfaceOrientationLandscapeLeft UIInterfaceOrientationLandscapeRight";
				IPHONEOS_DEPLOYMENT_TARGET = 17.0;
				LD_RUNPATH_SEARCH_PATHS = "@executable_path/Frameworks";
				"LD_RUNPATH_SEARCH_PATHS[sdk=macosx*]" = "@executable_path/../Frameworks";
				MACOSX_DEPLOYMENT_TARGET = 13.6;
				MARKETING_VERSION = 1.0;
				PRODUCT_BUNDLE_IDENTIFIER = nandoramz.AIChat;
				PRODUCT_NAME = "$(TARGET_NAME)";
				SDKROOT = auto;
				SUPPORTED_PLATFORMS = "iphoneos iphonesimulator";
				SUPPORTS_MACCATALYST = NO;
				SWIFT_EMIT_LOC_STRINGS = YES;
				SWIFT_VERSION = 5.0;
				TARGETED_DEVICE_FAMILY = "1,2";
			};
			name = Release;
		};
/* End XCBuildConfiguration section */

/* Begin XCConfigurationList section */
		ABDD30DF2D491BD700A5AB28 /* Build configuration list for PBXProject "AIChat" */ = {
			isa = XCConfigurationList;
			buildConfigurations = (
				ABDD30F12D491BD900A5AB28 /* Debug */,
				ABDD30F22D491BD900A5AB28 /* Release */,
			);
			defaultConfigurationIsVisible = 0;
			defaultConfigurationName = Release;
		};
		ABDD30F32D491BD900A5AB28 /* Build configuration list for PBXNativeTarget "AIChat" */ = {
			isa = XCConfigurationList;
			buildConfigurations = (
				ABDD30F42D491BD900A5AB28 /* Debug */,
				ABDD30F52D491BD900A5AB28 /* Release */,
			);
			defaultConfigurationIsVisible = 0;
			defaultConfigurationName = Release;
		};
/* End XCConfigurationList section */

/* Begin XCRemoteSwiftPackageReference section */
		ABDD31202D49525600A5AB28 /* XCRemoteSwiftPackageReference "SDWebImageSwiftUI" */ = {
			isa = XCRemoteSwiftPackageReference;
			repositoryURL = "https://github.com/SDWebImage/SDWebImageSwiftUI.git";
			requirement = {
				kind = upToNextMajorVersion;
				minimumVersion = 3.1.3;
			};
		};
/* End XCRemoteSwiftPackageReference section */

/* Begin XCSwiftPackageProductDependency section */
		ABDD31212D49525600A5AB28 /* SDWebImageSwiftUI */ = {
			isa = XCSwiftPackageProductDependency;
			package = ABDD31202D49525600A5AB28 /* XCRemoteSwiftPackageReference "SDWebImageSwiftUI" */;
			productName = SDWebImageSwiftUI;
		};
/* End XCSwiftPackageProductDependency section */
	};
	rootObject = ABDD30DC2D491BD700A5AB28 /* Project object */;
}
